// !$*UTF8*$!
{
	archiveVersion = 1;
	classes = {
	};
	objectVersion = 46;
	objects = {

/* Begin PBXBuildFile section */
		EF4AA863B17A114C8FB23355 /* Pods.framework in Frameworks */ = {isa = PBXBuildFile; fileRef = F6DC8F02A3B680CBF3775C17 /* Pods.framework */; };
		F615F6461DAC8B7400C5F7FD /* Macro.swift in Sources */ = {isa = PBXBuildFile; fileRef = F615F6451DAC8B7400C5F7FD /* Macro.swift */; };
		F615F6481DACBEE400C5F7FD /* HPYFgetPasswordCtrler.swift in Sources */ = {isa = PBXBuildFile; fileRef = F615F6471DACBEE400C5F7FD /* HPYFgetPasswordCtrler.swift */; };
		F615F64A1DACD2E100C5F7FD /* HPYRegisterController.swift in Sources */ = {isa = PBXBuildFile; fileRef = F615F6491DACD2E100C5F7FD /* HPYRegisterController.swift */; };
		F65D23DD1DAA2D230037026F /* AppDelegate.swift in Sources */ = {isa = PBXBuildFile; fileRef = F65D23DC1DAA2D230037026F /* AppDelegate.swift */; };
		F65D23E41DAA2D230037026F /* Assets.xcassets in Resources */ = {isa = PBXBuildFile; fileRef = F65D23E31DAA2D230037026F /* Assets.xcassets */; };
		F65D23E71DAA2D230037026F /* LaunchScreen.storyboard in Resources */ = {isa = PBXBuildFile; fileRef = F65D23E51DAA2D230037026F /* LaunchScreen.storyboard */; };
		F65D23EF1DAA31C70037026F /* Default-568h@2x.png in Resources */ = {isa = PBXBuildFile; fileRef = F65D23EE1DAA31C70037026F /* Default-568h@2x.png */; };
		F6B5D5751DAB343600D2DB0E /* HPYRootController.swift in Sources */ = {isa = PBXBuildFile; fileRef = F6B5D5741DAB343600D2DB0E /* HPYRootController.swift */; };
		F6B5D5E21DAB40AB00D2DB0E /* AlipaySDK.bundle in Resources */ = {isa = PBXBuildFile; fileRef = F6B5D5771DAB40AB00D2DB0E /* AlipaySDK.bundle */; };
		F6B5D5E31DAB40AB00D2DB0E /* AlipaySDK.framework in Frameworks */ = {isa = PBXBuildFile; fileRef = F6B5D5781DAB40AB00D2DB0E /* AlipaySDK.framework */; };
		F6B5D5E41DAB40AB00D2DB0E /* libcrypto.a in Frameworks */ = {isa = PBXBuildFile; fileRef = F6B5D5791DAB40AB00D2DB0E /* libcrypto.a */; };
		F6B5D5E51DAB40AB00D2DB0E /* libssl.a in Frameworks */ = {isa = PBXBuildFile; fileRef = F6B5D57A1DAB40AB00D2DB0E /* libssl.a */; };
		F6B5D5E61DAB40AB00D2DB0E /* Order.m in Sources */ = {isa = PBXBuildFile; fileRef = F6B5D5C81DAB40AB00D2DB0E /* Order.m */; };
		F6B5D5E71DAB40AB00D2DB0E /* base64.m in Sources */ = {isa = PBXBuildFile; fileRef = F6B5D5CB1DAB40AB00D2DB0E /* base64.m */; };
		F6B5D5E81DAB40AB00D2DB0E /* DataSigner.m in Sources */ = {isa = PBXBuildFile; fileRef = F6B5D5CE1DAB40AB00D2DB0E /* DataSigner.m */; };
		F6B5D5E91DAB40AB00D2DB0E /* DataVerifier.m in Sources */ = {isa = PBXBuildFile; fileRef = F6B5D5D01DAB40AB00D2DB0E /* DataVerifier.m */; };
		F6B5D5EA1DAB40AB00D2DB0E /* MD5DataSigner.m in Sources */ = {isa = PBXBuildFile; fileRef = F6B5D5D21DAB40AB00D2DB0E /* MD5DataSigner.m */; };
		F6B5D5EB1DAB40AB00D2DB0E /* NSDataEx.m in Sources */ = {isa = PBXBuildFile; fileRef = F6B5D5D41DAB40AB00D2DB0E /* NSDataEx.m */; };
		F6B5D5EC1DAB40AB00D2DB0E /* openssl_wrapper.m in Sources */ = {isa = PBXBuildFile; fileRef = F6B5D5D61DAB40AB00D2DB0E /* openssl_wrapper.m */; };
		F6B5D5ED1DAB40AB00D2DB0E /* RSADataSigner.m in Sources */ = {isa = PBXBuildFile; fileRef = F6B5D5D81DAB40AB00D2DB0E /* RSADataSigner.m */; };
		F6B5D5EE1DAB40AB00D2DB0E /* RSADataVerifier.m in Sources */ = {isa = PBXBuildFile; fileRef = F6B5D5DA1DAB40AB00D2DB0E /* RSADataVerifier.m */; };
		F6B5D5EF1DAB40AB00D2DB0E /* libWeChatSDK.a in Frameworks */ = {isa = PBXBuildFile; fileRef = F6B5D5DC1DAB40AB00D2DB0E /* libWeChatSDK.a */; };
		F6B5D5F01DAB40AB00D2DB0E /* read_me.txt in Resources */ = {isa = PBXBuildFile; fileRef = F6B5D5DD1DAB40AB00D2DB0E /* read_me.txt */; };
		F6B5D5F11DAB40AB00D2DB0E /* README.txt in Resources */ = {isa = PBXBuildFile; fileRef = F6B5D5DE1DAB40AB00D2DB0E /* README.txt */; };
		F6B5D5F51DAB437D00D2DB0E /* jpush-ios-2.1.9.a in Frameworks */ = {isa = PBXBuildFile; fileRef = F6B5D5F31DAB437D00D2DB0E /* jpush-ios-2.1.9.a */; };
		F6B5D5F81DAB442F00D2DB0E /* CFNetwork.framework in Frameworks */ = {isa = PBXBuildFile; fileRef = F6B5D5F71DAB442F00D2DB0E /* CFNetwork.framework */; };
		F6B5D5FA1DAB443600D2DB0E /* CoreFoundation.framework in Frameworks */ = {isa = PBXBuildFile; fileRef = F6B5D5F91DAB443600D2DB0E /* CoreFoundation.framework */; };
		F6B5D5FC1DAB445A00D2DB0E /* CoreTelephony.framework in Frameworks */ = {isa = PBXBuildFile; fileRef = F6B5D5FB1DAB445A00D2DB0E /* CoreTelephony.framework */; };
		F6B5D5FE1DAB446300D2DB0E /* SystemConfiguration.framework in Frameworks */ = {isa = PBXBuildFile; fileRef = F6B5D5FD1DAB446300D2DB0E /* SystemConfiguration.framework */; };
		F6B5D6001DAB446F00D2DB0E /* CoreGraphics.framework in Frameworks */ = {isa = PBXBuildFile; fileRef = F6B5D5FF1DAB446F00D2DB0E /* CoreGraphics.framework */; };
		F6B5D6021DAB447800D2DB0E /* Foundation.framework in Frameworks */ = {isa = PBXBuildFile; fileRef = F6B5D6011DAB447800D2DB0E /* Foundation.framework */; };
		F6B5D6041DAB448000D2DB0E /* UIKit.framework in Frameworks */ = {isa = PBXBuildFile; fileRef = F6B5D6031DAB448000D2DB0E /* UIKit.framework */; };
		F6B5D6061DAB448800D2DB0E /* Security.framework in Frameworks */ = {isa = PBXBuildFile; fileRef = F6B5D6051DAB448800D2DB0E /* Security.framework */; };
		F6B5D6081DAB449B00D2DB0E /* libz.tbd in Frameworks */ = {isa = PBXBuildFile; fileRef = F6B5D6071DAB449B00D2DB0E /* libz.tbd */; };
		F6B5D60C1DAB44BF00D2DB0E /* UserNotifications.framework in Frameworks */ = {isa = PBXBuildFile; fileRef = F6B5D60B1DAB44BF00D2DB0E /* UserNotifications.framework */; };
		F6B5D6131DAB466A00D2DB0E /* CoreMotion.framework in Frameworks */ = {isa = PBXBuildFile; fileRef = F6B5D6121DAB466A00D2DB0E /* CoreMotion.framework */; };
		F6B5D6151DAB467300D2DB0E /* CoreText.framework in Frameworks */ = {isa = PBXBuildFile; fileRef = F6B5D6141DAB467300D2DB0E /* CoreText.framework */; };
		F6B5D6171DAB468200D2DB0E /* QuartzCore.framework in Frameworks */ = {isa = PBXBuildFile; fileRef = F6B5D6161DAB468200D2DB0E /* QuartzCore.framework */; };
		F6B5D6191DAB469A00D2DB0E /* libc++.tbd in Frameworks */ = {isa = PBXBuildFile; fileRef = F6B5D6181DAB469A00D2DB0E /* libc++.tbd */; };
		F6B5D6681DAB730900D2DB0E /* AliyunPlayerSDK.framework in Frameworks */ = {isa = PBXBuildFile; fileRef = F6B5D6671DAB730900D2DB0E /* AliyunPlayerSDK.framework */; settings = {ATTRIBUTES = (Weak, ); }; };
		F6DDB0471DAB90A300C44814 /* HPYLoginController.swift in Sources */ = {isa = PBXBuildFile; fileRef = F6DDB0461DAB90A300C44814 /* HPYLoginController.swift */; };
		F6DDB0491DAB91FF00C44814 /* HPYCommunityCtrler.swift in Sources */ = {isa = PBXBuildFile; fileRef = F6DDB0481DAB91FF00C44814 /* HPYCommunityCtrler.swift */; };
		F6DDB04B1DAB92CF00C44814 /* HPYConvenienceCtrler.swift in Sources */ = {isa = PBXBuildFile; fileRef = F6DDB04A1DAB92CF00C44814 /* HPYConvenienceCtrler.swift */; };
		F6DDB04D1DAB930F00C44814 /* HPYHomeController.swift in Sources */ = {isa = PBXBuildFile; fileRef = F6DDB04C1DAB930F00C44814 /* HPYHomeController.swift */; };
		F6DDB04F1DAB969700C44814 /* HPYMineController.swift in Sources */ = {isa = PBXBuildFile; fileRef = F6DDB04E1DAB969700C44814 /* HPYMineController.swift */; };
		F6DDB0511DAB974300C44814 /* HPYVideoController.swift in Sources */ = {isa = PBXBuildFile; fileRef = F6DDB0501DAB974300C44814 /* HPYVideoController.swift */; };
/* End PBXBuildFile section */

/* Begin PBXFileReference section */
		12999BDEC094B4968B47DB1A /* Pods.release.xcconfig */ = {isa = PBXFileReference; includeInIndex = 1; lastKnownFileType = text.xcconfig; name = Pods.release.xcconfig; path = "Pods/Target Support Files/Pods/Pods.release.xcconfig"; sourceTree = "<group>"; };
		AD6CE58FCA79C95874BDE2E4 /* Pods.debug.xcconfig */ = {isa = PBXFileReference; includeInIndex = 1; lastKnownFileType = text.xcconfig; name = Pods.debug.xcconfig; path = "Pods/Target Support Files/Pods/Pods.debug.xcconfig"; sourceTree = "<group>"; };
		F615F6451DAC8B7400C5F7FD /* Macro.swift */ = {isa = PBXFileReference; fileEncoding = 4; lastKnownFileType = sourcecode.swift; path = Macro.swift; sourceTree = "<group>"; };
		F615F6471DACBEE400C5F7FD /* HPYFgetPasswordCtrler.swift */ = {isa = PBXFileReference; fileEncoding = 4; lastKnownFileType = sourcecode.swift; path = HPYFgetPasswordCtrler.swift; sourceTree = "<group>"; };
		F615F6491DACD2E100C5F7FD /* HPYRegisterController.swift */ = {isa = PBXFileReference; fileEncoding = 4; lastKnownFileType = sourcecode.swift; path = HPYRegisterController.swift; sourceTree = "<group>"; };
		F65D23D91DAA2D230037026F /* HPY9Pasture.app */ = {isa = PBXFileReference; explicitFileType = wrapper.application; includeInIndex = 0; path = HPY9Pasture.app; sourceTree = BUILT_PRODUCTS_DIR; };
		F65D23DC1DAA2D230037026F /* AppDelegate.swift */ = {isa = PBXFileReference; lastKnownFileType = sourcecode.swift; path = AppDelegate.swift; sourceTree = "<group>"; };
		F65D23E31DAA2D230037026F /* Assets.xcassets */ = {isa = PBXFileReference; lastKnownFileType = folder.assetcatalog; path = Assets.xcassets; sourceTree = "<group>"; };
		F65D23E61DAA2D230037026F /* Base */ = {isa = PBXFileReference; lastKnownFileType = file.storyboard; name = Base; path = Base.lproj/LaunchScreen.storyboard; sourceTree = "<group>"; };
		F65D23E81DAA2D230037026F /* Info.plist */ = {isa = PBXFileReference; lastKnownFileType = text.plist.xml; path = Info.plist; sourceTree = "<group>"; };
		F65D23EE1DAA31C70037026F /* Default-568h@2x.png */ = {isa = PBXFileReference; lastKnownFileType = image.png; path = "Default-568h@2x.png"; sourceTree = "<group>"; };
		F6B5D5741DAB343600D2DB0E /* HPYRootController.swift */ = {isa = PBXFileReference; fileEncoding = 4; lastKnownFileType = sourcecode.swift; path = HPYRootController.swift; sourceTree = "<group>"; };
		F6B5D5771DAB40AB00D2DB0E /* AlipaySDK.bundle */ = {isa = PBXFileReference; lastKnownFileType = "wrapper.plug-in"; path = AlipaySDK.bundle; sourceTree = "<group>"; };
		F6B5D5781DAB40AB00D2DB0E /* AlipaySDK.framework */ = {isa = PBXFileReference; lastKnownFileType = wrapper.framework; path = AlipaySDK.framework; sourceTree = "<group>"; };
		F6B5D5791DAB40AB00D2DB0E /* libcrypto.a */ = {isa = PBXFileReference; lastKnownFileType = archive.ar; path = libcrypto.a; sourceTree = "<group>"; };
		F6B5D57A1DAB40AB00D2DB0E /* libssl.a */ = {isa = PBXFileReference; lastKnownFileType = archive.ar; path = libssl.a; sourceTree = "<group>"; };
		F6B5D57C1DAB40AB00D2DB0E /* aes.h */ = {isa = PBXFileReference; fileEncoding = 4; lastKnownFileType = sourcecode.c.h; path = aes.h; sourceTree = "<group>"; };
		F6B5D57D1DAB40AB00D2DB0E /* asn1.h */ = {isa = PBXFileReference; fileEncoding = 4; lastKnownFileType = sourcecode.c.h; path = asn1.h; sourceTree = "<group>"; };
		F6B5D57E1DAB40AB00D2DB0E /* asn1_mac.h */ = {isa = PBXFileReference; fileEncoding = 4; lastKnownFileType = sourcecode.c.h; path = asn1_mac.h; sourceTree = "<group>"; };
		F6B5D57F1DAB40AB00D2DB0E /* asn1t.h */ = {isa = PBXFileReference; fileEncoding = 4; lastKnownFileType = sourcecode.c.h; path = asn1t.h; sourceTree = "<group>"; };
		F6B5D5801DAB40AB00D2DB0E /* bio.h */ = {isa = PBXFileReference; fileEncoding = 4; lastKnownFileType = sourcecode.c.h; path = bio.h; sourceTree = "<group>"; };
		F6B5D5811DAB40AB00D2DB0E /* blowfish.h */ = {isa = PBXFileReference; fileEncoding = 4; lastKnownFileType = sourcecode.c.h; path = blowfish.h; sourceTree = "<group>"; };
		F6B5D5821DAB40AB00D2DB0E /* bn.h */ = {isa = PBXFileReference; fileEncoding = 4; lastKnownFileType = sourcecode.c.h; path = bn.h; sourceTree = "<group>"; };
		F6B5D5831DAB40AB00D2DB0E /* buffer.h */ = {isa = PBXFileReference; fileEncoding = 4; lastKnownFileType = sourcecode.c.h; path = buffer.h; sourceTree = "<group>"; };
		F6B5D5841DAB40AB00D2DB0E /* camellia.h */ = {isa = PBXFileReference; fileEncoding = 4; lastKnownFileType = sourcecode.c.h; path = camellia.h; sourceTree = "<group>"; };
		F6B5D5851DAB40AB00D2DB0E /* cast.h */ = {isa = PBXFileReference; fileEncoding = 4; lastKnownFileType = sourcecode.c.h; path = cast.h; sourceTree = "<group>"; };
		F6B5D5861DAB40AB00D2DB0E /* cmac.h */ = {isa = PBXFileReference; fileEncoding = 4; lastKnownFileType = sourcecode.c.h; path = cmac.h; sourceTree = "<group>"; };
		F6B5D5871DAB40AB00D2DB0E /* cms.h */ = {isa = PBXFileReference; fileEncoding = 4; lastKnownFileType = sourcecode.c.h; path = cms.h; sourceTree = "<group>"; };
		F6B5D5881DAB40AB00D2DB0E /* comp.h */ = {isa = PBXFileReference; fileEncoding = 4; lastKnownFileType = sourcecode.c.h; path = comp.h; sourceTree = "<group>"; };
		F6B5D5891DAB40AB00D2DB0E /* conf.h */ = {isa = PBXFileReference; fileEncoding = 4; lastKnownFileType = sourcecode.c.h; path = conf.h; sourceTree = "<group>"; };
		F6B5D58A1DAB40AB00D2DB0E /* conf_api.h */ = {isa = PBXFileReference; fileEncoding = 4; lastKnownFileType = sourcecode.c.h; path = conf_api.h; sourceTree = "<group>"; };
		F6B5D58B1DAB40AB00D2DB0E /* crypto.h */ = {isa = PBXFileReference; fileEncoding = 4; lastKnownFileType = sourcecode.c.h; path = crypto.h; sourceTree = "<group>"; };
		F6B5D58C1DAB40AB00D2DB0E /* des.h */ = {isa = PBXFileReference; fileEncoding = 4; lastKnownFileType = sourcecode.c.h; path = des.h; sourceTree = "<group>"; };
		F6B5D58D1DAB40AB00D2DB0E /* des_old.h */ = {isa = PBXFileReference; fileEncoding = 4; lastKnownFileType = sourcecode.c.h; path = des_old.h; sourceTree = "<group>"; };
		F6B5D58E1DAB40AB00D2DB0E /* dh.h */ = {isa = PBXFileReference; fileEncoding = 4; lastKnownFileType = sourcecode.c.h; path = dh.h; sourceTree = "<group>"; };
		F6B5D58F1DAB40AB00D2DB0E /* dsa.h */ = {isa = PBXFileReference; fileEncoding = 4; lastKnownFileType = sourcecode.c.h; path = dsa.h; sourceTree = "<group>"; };
		F6B5D5901DAB40AB00D2DB0E /* dso.h */ = {isa = PBXFileReference; fileEncoding = 4; lastKnownFileType = sourcecode.c.h; path = dso.h; sourceTree = "<group>"; };
		F6B5D5911DAB40AB00D2DB0E /* dtls1.h */ = {isa = PBXFileReference; fileEncoding = 4; lastKnownFileType = sourcecode.c.h; path = dtls1.h; sourceTree = "<group>"; };
		F6B5D5921DAB40AB00D2DB0E /* e_os2.h */ = {isa = PBXFileReference; fileEncoding = 4; lastKnownFileType = sourcecode.c.h; path = e_os2.h; sourceTree = "<group>"; };
		F6B5D5931DAB40AB00D2DB0E /* ebcdic.h */ = {isa = PBXFileReference; fileEncoding = 4; lastKnownFileType = sourcecode.c.h; path = ebcdic.h; sourceTree = "<group>"; };
		F6B5D5941DAB40AB00D2DB0E /* ec.h */ = {isa = PBXFileReference; fileEncoding = 4; lastKnownFileType = sourcecode.c.h; path = ec.h; sourceTree = "<group>"; };
		F6B5D5951DAB40AB00D2DB0E /* ecdh.h */ = {isa = PBXFileReference; fileEncoding = 4; lastKnownFileType = sourcecode.c.h; path = ecdh.h; sourceTree = "<group>"; };
		F6B5D5961DAB40AB00D2DB0E /* ecdsa.h */ = {isa = PBXFileReference; fileEncoding = 4; lastKnownFileType = sourcecode.c.h; path = ecdsa.h; sourceTree = "<group>"; };
		F6B5D5971DAB40AB00D2DB0E /* engine.h */ = {isa = PBXFileReference; fileEncoding = 4; lastKnownFileType = sourcecode.c.h; path = engine.h; sourceTree = "<group>"; };
		F6B5D5981DAB40AB00D2DB0E /* err.h */ = {isa = PBXFileReference; fileEncoding = 4; lastKnownFileType = sourcecode.c.h; path = err.h; sourceTree = "<group>"; };
		F6B5D5991DAB40AB00D2DB0E /* evp.h */ = {isa = PBXFileReference; fileEncoding = 4; lastKnownFileType = sourcecode.c.h; path = evp.h; sourceTree = "<group>"; };
		F6B5D59A1DAB40AB00D2DB0E /* hmac.h */ = {isa = PBXFileReference; fileEncoding = 4; lastKnownFileType = sourcecode.c.h; path = hmac.h; sourceTree = "<group>"; };
		F6B5D59B1DAB40AB00D2DB0E /* idea.h */ = {isa = PBXFileReference; fileEncoding = 4; lastKnownFileType = sourcecode.c.h; path = idea.h; sourceTree = "<group>"; };
		F6B5D59C1DAB40AB00D2DB0E /* krb5_asn.h */ = {isa = PBXFileReference; fileEncoding = 4; lastKnownFileType = sourcecode.c.h; path = krb5_asn.h; sourceTree = "<group>"; };
		F6B5D59D1DAB40AB00D2DB0E /* kssl.h */ = {isa = PBXFileReference; fileEncoding = 4; lastKnownFileType = sourcecode.c.h; path = kssl.h; sourceTree = "<group>"; };
		F6B5D59E1DAB40AB00D2DB0E /* lhash.h */ = {isa = PBXFileReference; fileEncoding = 4; lastKnownFileType = sourcecode.c.h; path = lhash.h; sourceTree = "<group>"; };
		F6B5D59F1DAB40AB00D2DB0E /* md4.h */ = {isa = PBXFileReference; fileEncoding = 4; lastKnownFileType = sourcecode.c.h; path = md4.h; sourceTree = "<group>"; };
		F6B5D5A01DAB40AB00D2DB0E /* md5.h */ = {isa = PBXFileReference; fileEncoding = 4; lastKnownFileType = sourcecode.c.h; path = md5.h; sourceTree = "<group>"; };
		F6B5D5A11DAB40AB00D2DB0E /* mdc2.h */ = {isa = PBXFileReference; fileEncoding = 4; lastKnownFileType = sourcecode.c.h; path = mdc2.h; sourceTree = "<group>"; };
		F6B5D5A21DAB40AB00D2DB0E /* modes.h */ = {isa = PBXFileReference; fileEncoding = 4; lastKnownFileType = sourcecode.c.h; path = modes.h; sourceTree = "<group>"; };
		F6B5D5A31DAB40AB00D2DB0E /* obj_mac.h */ = {isa = PBXFileReference; fileEncoding = 4; lastKnownFileType = sourcecode.c.h; path = obj_mac.h; sourceTree = "<group>"; };
		F6B5D5A41DAB40AB00D2DB0E /* objects.h */ = {isa = PBXFileReference; fileEncoding = 4; lastKnownFileType = sourcecode.c.h; path = objects.h; sourceTree = "<group>"; };
		F6B5D5A51DAB40AB00D2DB0E /* ocsp.h */ = {isa = PBXFileReference; fileEncoding = 4; lastKnownFileType = sourcecode.c.h; path = ocsp.h; sourceTree = "<group>"; };
		F6B5D5A61DAB40AB00D2DB0E /* opensslconf.h */ = {isa = PBXFileReference; fileEncoding = 4; lastKnownFileType = sourcecode.c.h; path = opensslconf.h; sourceTree = "<group>"; };
		F6B5D5A71DAB40AB00D2DB0E /* opensslv.h */ = {isa = PBXFileReference; fileEncoding = 4; lastKnownFileType = sourcecode.c.h; path = opensslv.h; sourceTree = "<group>"; };
		F6B5D5A81DAB40AB00D2DB0E /* ossl_typ.h */ = {isa = PBXFileReference; fileEncoding = 4; lastKnownFileType = sourcecode.c.h; path = ossl_typ.h; sourceTree = "<group>"; };
		F6B5D5A91DAB40AB00D2DB0E /* pem.h */ = {isa = PBXFileReference; fileEncoding = 4; lastKnownFileType = sourcecode.c.h; path = pem.h; sourceTree = "<group>"; };
		F6B5D5AA1DAB40AB00D2DB0E /* pem2.h */ = {isa = PBXFileReference; fileEncoding = 4; lastKnownFileType = sourcecode.c.h; path = pem2.h; sourceTree = "<group>"; };
		F6B5D5AB1DAB40AB00D2DB0E /* pkcs12.h */ = {isa = PBXFileReference; fileEncoding = 4; lastKnownFileType = sourcecode.c.h; path = pkcs12.h; sourceTree = "<group>"; };
		F6B5D5AC1DAB40AB00D2DB0E /* pkcs7.h */ = {isa = PBXFileReference; fileEncoding = 4; lastKnownFileType = sourcecode.c.h; path = pkcs7.h; sourceTree = "<group>"; };
		F6B5D5AD1DAB40AB00D2DB0E /* pqueue.h */ = {isa = PBXFileReference; fileEncoding = 4; lastKnownFileType = sourcecode.c.h; path = pqueue.h; sourceTree = "<group>"; };
		F6B5D5AE1DAB40AB00D2DB0E /* rand.h */ = {isa = PBXFileReference; fileEncoding = 4; lastKnownFileType = sourcecode.c.h; path = rand.h; sourceTree = "<group>"; };
		F6B5D5AF1DAB40AB00D2DB0E /* rc2.h */ = {isa = PBXFileReference; fileEncoding = 4; lastKnownFileType = sourcecode.c.h; path = rc2.h; sourceTree = "<group>"; };
		F6B5D5B01DAB40AB00D2DB0E /* rc4.h */ = {isa = PBXFileReference; fileEncoding = 4; lastKnownFileType = sourcecode.c.h; path = rc4.h; sourceTree = "<group>"; };
		F6B5D5B11DAB40AB00D2DB0E /* ripemd.h */ = {isa = PBXFileReference; fileEncoding = 4; lastKnownFileType = sourcecode.c.h; path = ripemd.h; sourceTree = "<group>"; };
		F6B5D5B21DAB40AB00D2DB0E /* rsa.h */ = {isa = PBXFileReference; fileEncoding = 4; lastKnownFileType = sourcecode.c.h; path = rsa.h; sourceTree = "<group>"; };
		F6B5D5B31DAB40AB00D2DB0E /* safestack.h */ = {isa = PBXFileReference; fileEncoding = 4; lastKnownFileType = sourcecode.c.h; path = safestack.h; sourceTree = "<group>"; };
		F6B5D5B41DAB40AB00D2DB0E /* seed.h */ = {isa = PBXFileReference; fileEncoding = 4; lastKnownFileType = sourcecode.c.h; path = seed.h; sourceTree = "<group>"; };
		F6B5D5B51DAB40AB00D2DB0E /* sha.h */ = {isa = PBXFileReference; fileEncoding = 4; lastKnownFileType = sourcecode.c.h; path = sha.h; sourceTree = "<group>"; };
		F6B5D5B61DAB40AB00D2DB0E /* srp.h */ = {isa = PBXFileReference; fileEncoding = 4; lastKnownFileType = sourcecode.c.h; path = srp.h; sourceTree = "<group>"; };
		F6B5D5B71DAB40AB00D2DB0E /* srtp.h */ = {isa = PBXFileReference; fileEncoding = 4; lastKnownFileType = sourcecode.c.h; path = srtp.h; sourceTree = "<group>"; };
		F6B5D5B81DAB40AB00D2DB0E /* ssl.h */ = {isa = PBXFileReference; fileEncoding = 4; lastKnownFileType = sourcecode.c.h; path = ssl.h; sourceTree = "<group>"; };
		F6B5D5B91DAB40AB00D2DB0E /* ssl2.h */ = {isa = PBXFileReference; fileEncoding = 4; lastKnownFileType = sourcecode.c.h; path = ssl2.h; sourceTree = "<group>"; };
		F6B5D5BA1DAB40AB00D2DB0E /* ssl23.h */ = {isa = PBXFileReference; fileEncoding = 4; lastKnownFileType = sourcecode.c.h; path = ssl23.h; sourceTree = "<group>"; };
		F6B5D5BB1DAB40AB00D2DB0E /* ssl3.h */ = {isa = PBXFileReference; fileEncoding = 4; lastKnownFileType = sourcecode.c.h; path = ssl3.h; sourceTree = "<group>"; };
		F6B5D5BC1DAB40AB00D2DB0E /* stack.h */ = {isa = PBXFileReference; fileEncoding = 4; lastKnownFileType = sourcecode.c.h; path = stack.h; sourceTree = "<group>"; };
		F6B5D5BD1DAB40AB00D2DB0E /* symhacks.h */ = {isa = PBXFileReference; fileEncoding = 4; lastKnownFileType = sourcecode.c.h; path = symhacks.h; sourceTree = "<group>"; };
		F6B5D5BE1DAB40AB00D2DB0E /* tls1.h */ = {isa = PBXFileReference; fileEncoding = 4; lastKnownFileType = sourcecode.c.h; path = tls1.h; sourceTree = "<group>"; };
		F6B5D5BF1DAB40AB00D2DB0E /* ts.h */ = {isa = PBXFileReference; fileEncoding = 4; lastKnownFileType = sourcecode.c.h; path = ts.h; sourceTree = "<group>"; };
		F6B5D5C01DAB40AB00D2DB0E /* txt_db.h */ = {isa = PBXFileReference; fileEncoding = 4; lastKnownFileType = sourcecode.c.h; path = txt_db.h; sourceTree = "<group>"; };
		F6B5D5C11DAB40AB00D2DB0E /* ui.h */ = {isa = PBXFileReference; fileEncoding = 4; lastKnownFileType = sourcecode.c.h; path = ui.h; sourceTree = "<group>"; };
		F6B5D5C21DAB40AB00D2DB0E /* ui_compat.h */ = {isa = PBXFileReference; fileEncoding = 4; lastKnownFileType = sourcecode.c.h; path = ui_compat.h; sourceTree = "<group>"; };
		F6B5D5C31DAB40AB00D2DB0E /* whrlpool.h */ = {isa = PBXFileReference; fileEncoding = 4; lastKnownFileType = sourcecode.c.h; path = whrlpool.h; sourceTree = "<group>"; };
		F6B5D5C41DAB40AB00D2DB0E /* x509.h */ = {isa = PBXFileReference; fileEncoding = 4; lastKnownFileType = sourcecode.c.h; path = x509.h; sourceTree = "<group>"; };
		F6B5D5C51DAB40AB00D2DB0E /* x509_vfy.h */ = {isa = PBXFileReference; fileEncoding = 4; lastKnownFileType = sourcecode.c.h; path = x509_vfy.h; sourceTree = "<group>"; };
		F6B5D5C61DAB40AB00D2DB0E /* x509v3.h */ = {isa = PBXFileReference; fileEncoding = 4; lastKnownFileType = sourcecode.c.h; path = x509v3.h; sourceTree = "<group>"; };
		F6B5D5C71DAB40AB00D2DB0E /* Order.h */ = {isa = PBXFileReference; fileEncoding = 4; lastKnownFileType = sourcecode.c.h; path = Order.h; sourceTree = "<group>"; };
		F6B5D5C81DAB40AB00D2DB0E /* Order.m */ = {isa = PBXFileReference; fileEncoding = 4; lastKnownFileType = sourcecode.c.objc; path = Order.m; sourceTree = "<group>"; };
		F6B5D5CA1DAB40AB00D2DB0E /* base64.h */ = {isa = PBXFileReference; fileEncoding = 4; lastKnownFileType = sourcecode.c.h; path = base64.h; sourceTree = "<group>"; };
		F6B5D5CB1DAB40AB00D2DB0E /* base64.m */ = {isa = PBXFileReference; fileEncoding = 4; lastKnownFileType = sourcecode.c.objc; path = base64.m; sourceTree = "<group>"; };
		F6B5D5CC1DAB40AB00D2DB0E /* config.h */ = {isa = PBXFileReference; fileEncoding = 4; lastKnownFileType = sourcecode.c.h; path = config.h; sourceTree = "<group>"; };
		F6B5D5CD1DAB40AB00D2DB0E /* DataSigner.h */ = {isa = PBXFileReference; fileEncoding = 4; lastKnownFileType = sourcecode.c.h; path = DataSigner.h; sourceTree = "<group>"; };
		F6B5D5CE1DAB40AB00D2DB0E /* DataSigner.m */ = {isa = PBXFileReference; fileEncoding = 4; lastKnownFileType = sourcecode.c.objc; path = DataSigner.m; sourceTree = "<group>"; };
		F6B5D5CF1DAB40AB00D2DB0E /* DataVerifier.h */ = {isa = PBXFileReference; fileEncoding = 4; lastKnownFileType = sourcecode.c.h; path = DataVerifier.h; sourceTree = "<group>"; };
		F6B5D5D01DAB40AB00D2DB0E /* DataVerifier.m */ = {isa = PBXFileReference; fileEncoding = 4; lastKnownFileType = sourcecode.c.objc; path = DataVerifier.m; sourceTree = "<group>"; };
		F6B5D5D11DAB40AB00D2DB0E /* MD5DataSigner.h */ = {isa = PBXFileReference; fileEncoding = 4; lastKnownFileType = sourcecode.c.h; path = MD5DataSigner.h; sourceTree = "<group>"; };
		F6B5D5D21DAB40AB00D2DB0E /* MD5DataSigner.m */ = {isa = PBXFileReference; fileEncoding = 4; lastKnownFileType = sourcecode.c.objc; path = MD5DataSigner.m; sourceTree = "<group>"; };
		F6B5D5D31DAB40AB00D2DB0E /* NSDataEx.h */ = {isa = PBXFileReference; fileEncoding = 4; lastKnownFileType = sourcecode.c.h; path = NSDataEx.h; sourceTree = "<group>"; };
		F6B5D5D41DAB40AB00D2DB0E /* NSDataEx.m */ = {isa = PBXFileReference; fileEncoding = 4; lastKnownFileType = sourcecode.c.objc; path = NSDataEx.m; sourceTree = "<group>"; };
		F6B5D5D51DAB40AB00D2DB0E /* openssl_wrapper.h */ = {isa = PBXFileReference; fileEncoding = 4; lastKnownFileType = sourcecode.c.h; path = openssl_wrapper.h; sourceTree = "<group>"; };
		F6B5D5D61DAB40AB00D2DB0E /* openssl_wrapper.m */ = {isa = PBXFileReference; fileEncoding = 4; lastKnownFileType = sourcecode.c.objc; path = openssl_wrapper.m; sourceTree = "<group>"; };
		F6B5D5D71DAB40AB00D2DB0E /* RSADataSigner.h */ = {isa = PBXFileReference; fileEncoding = 4; lastKnownFileType = sourcecode.c.h; path = RSADataSigner.h; sourceTree = "<group>"; };
		F6B5D5D81DAB40AB00D2DB0E /* RSADataSigner.m */ = {isa = PBXFileReference; fileEncoding = 4; lastKnownFileType = sourcecode.c.objc; path = RSADataSigner.m; sourceTree = "<group>"; };
		F6B5D5D91DAB40AB00D2DB0E /* RSADataVerifier.h */ = {isa = PBXFileReference; fileEncoding = 4; lastKnownFileType = sourcecode.c.h; path = RSADataVerifier.h; sourceTree = "<group>"; };
		F6B5D5DA1DAB40AB00D2DB0E /* RSADataVerifier.m */ = {isa = PBXFileReference; fileEncoding = 4; lastKnownFileType = sourcecode.c.objc; path = RSADataVerifier.m; sourceTree = "<group>"; };
		F6B5D5DC1DAB40AB00D2DB0E /* libWeChatSDK.a */ = {isa = PBXFileReference; lastKnownFileType = archive.ar; path = libWeChatSDK.a; sourceTree = "<group>"; };
		F6B5D5DD1DAB40AB00D2DB0E /* read_me.txt */ = {isa = PBXFileReference; fileEncoding = 4; lastKnownFileType = text; path = read_me.txt; sourceTree = "<group>"; };
		F6B5D5DE1DAB40AB00D2DB0E /* README.txt */ = {isa = PBXFileReference; fileEncoding = 4; lastKnownFileType = text; path = README.txt; sourceTree = "<group>"; };
		F6B5D5DF1DAB40AB00D2DB0E /* WechatAuthSDK.h */ = {isa = PBXFileReference; fileEncoding = 4; lastKnownFileType = sourcecode.c.h; path = WechatAuthSDK.h; sourceTree = "<group>"; };
		F6B5D5E01DAB40AB00D2DB0E /* WXApi.h */ = {isa = PBXFileReference; fileEncoding = 4; lastKnownFileType = sourcecode.c.h; path = WXApi.h; sourceTree = "<group>"; };
		F6B5D5E11DAB40AB00D2DB0E /* WXApiObject.h */ = {isa = PBXFileReference; fileEncoding = 4; lastKnownFileType = sourcecode.c.h; path = WXApiObject.h; sourceTree = "<group>"; };
		F6B5D5F31DAB437D00D2DB0E /* jpush-ios-2.1.9.a */ = {isa = PBXFileReference; lastKnownFileType = archive.ar; path = "jpush-ios-2.1.9.a"; sourceTree = "<group>"; };
		F6B5D5F41DAB437D00D2DB0E /* JPUSHService.h */ = {isa = PBXFileReference; fileEncoding = 4; lastKnownFileType = sourcecode.c.h; path = JPUSHService.h; sourceTree = "<group>"; };
		F6B5D5F71DAB442F00D2DB0E /* CFNetwork.framework */ = {isa = PBXFileReference; lastKnownFileType = wrapper.framework; name = CFNetwork.framework; path = System/Library/Frameworks/CFNetwork.framework; sourceTree = SDKROOT; };
		F6B5D5F91DAB443600D2DB0E /* CoreFoundation.framework */ = {isa = PBXFileReference; lastKnownFileType = wrapper.framework; name = CoreFoundation.framework; path = System/Library/Frameworks/CoreFoundation.framework; sourceTree = SDKROOT; };
		F6B5D5FB1DAB445A00D2DB0E /* CoreTelephony.framework */ = {isa = PBXFileReference; lastKnownFileType = wrapper.framework; name = CoreTelephony.framework; path = System/Library/Frameworks/CoreTelephony.framework; sourceTree = SDKROOT; };
		F6B5D5FD1DAB446300D2DB0E /* SystemConfiguration.framework */ = {isa = PBXFileReference; lastKnownFileType = wrapper.framework; name = SystemConfiguration.framework; path = System/Library/Frameworks/SystemConfiguration.framework; sourceTree = SDKROOT; };
		F6B5D5FF1DAB446F00D2DB0E /* CoreGraphics.framework */ = {isa = PBXFileReference; lastKnownFileType = wrapper.framework; name = CoreGraphics.framework; path = System/Library/Frameworks/CoreGraphics.framework; sourceTree = SDKROOT; };
		F6B5D6011DAB447800D2DB0E /* Foundation.framework */ = {isa = PBXFileReference; lastKnownFileType = wrapper.framework; name = Foundation.framework; path = System/Library/Frameworks/Foundation.framework; sourceTree = SDKROOT; };
		F6B5D6031DAB448000D2DB0E /* UIKit.framework */ = {isa = PBXFileReference; lastKnownFileType = wrapper.framework; name = UIKit.framework; path = System/Library/Frameworks/UIKit.framework; sourceTree = SDKROOT; };
		F6B5D6051DAB448800D2DB0E /* Security.framework */ = {isa = PBXFileReference; lastKnownFileType = wrapper.framework; name = Security.framework; path = System/Library/Frameworks/Security.framework; sourceTree = SDKROOT; };
		F6B5D6071DAB449B00D2DB0E /* libz.tbd */ = {isa = PBXFileReference; lastKnownFileType = "sourcecode.text-based-dylib-definition"; name = libz.tbd; path = usr/lib/libz.tbd; sourceTree = SDKROOT; };
		F6B5D6091DAB44A700D2DB0E /* AdSupport.framework */ = {isa = PBXFileReference; lastKnownFileType = wrapper.framework; name = AdSupport.framework; path = System/Library/Frameworks/AdSupport.framework; sourceTree = SDKROOT; };
		F6B5D60B1DAB44BF00D2DB0E /* UserNotifications.framework */ = {isa = PBXFileReference; lastKnownFileType = wrapper.framework; name = UserNotifications.framework; path = System/Library/Frameworks/UserNotifications.framework; sourceTree = SDKROOT; };
		F6B5D6121DAB466A00D2DB0E /* CoreMotion.framework */ = {isa = PBXFileReference; lastKnownFileType = wrapper.framework; name = CoreMotion.framework; path = System/Library/Frameworks/CoreMotion.framework; sourceTree = SDKROOT; };
		F6B5D6141DAB467300D2DB0E /* CoreText.framework */ = {isa = PBXFileReference; lastKnownFileType = wrapper.framework; name = CoreText.framework; path = System/Library/Frameworks/CoreText.framework; sourceTree = SDKROOT; };
		F6B5D6161DAB468200D2DB0E /* QuartzCore.framework */ = {isa = PBXFileReference; lastKnownFileType = wrapper.framework; name = QuartzCore.framework; path = System/Library/Frameworks/QuartzCore.framework; sourceTree = SDKROOT; };
		F6B5D6181DAB469A00D2DB0E /* libc++.tbd */ = {isa = PBXFileReference; lastKnownFileType = "sourcecode.text-based-dylib-definition"; name = "libc++.tbd"; path = "usr/lib/libc++.tbd"; sourceTree = SDKROOT; };
		F6B5D61B1DAB46DC00D2DB0E /* aes.h */ = {isa = PBXFileReference; lastKnownFileType = sourcecode.c.h; path = aes.h; sourceTree = "<group>"; };
		F6B5D61C1DAB46DC00D2DB0E /* asn1.h */ = {isa = PBXFileReference; lastKnownFileType = sourcecode.c.h; path = asn1.h; sourceTree = "<group>"; };
		F6B5D61D1DAB46DC00D2DB0E /* asn1_mac.h */ = {isa = PBXFileReference; lastKnownFileType = sourcecode.c.h; path = asn1_mac.h; sourceTree = "<group>"; };
		F6B5D61E1DAB46DC00D2DB0E /* asn1t.h */ = {isa = PBXFileReference; lastKnownFileType = sourcecode.c.h; path = asn1t.h; sourceTree = "<group>"; };
		F6B5D61F1DAB46DC00D2DB0E /* bio.h */ = {isa = PBXFileReference; lastKnownFileType = sourcecode.c.h; path = bio.h; sourceTree = "<group>"; };
		F6B5D6201DAB46DC00D2DB0E /* blowfish.h */ = {isa = PBXFileReference; lastKnownFileType = sourcecode.c.h; path = blowfish.h; sourceTree = "<group>"; };
		F6B5D6211DAB46DC00D2DB0E /* bn.h */ = {isa = PBXFileReference; lastKnownFileType = sourcecode.c.h; path = bn.h; sourceTree = "<group>"; };
		F6B5D6221DAB46DC00D2DB0E /* buffer.h */ = {isa = PBXFileReference; lastKnownFileType = sourcecode.c.h; path = buffer.h; sourceTree = "<group>"; };
		F6B5D6231DAB46DC00D2DB0E /* camellia.h */ = {isa = PBXFileReference; lastKnownFileType = sourcecode.c.h; path = camellia.h; sourceTree = "<group>"; };
		F6B5D6241DAB46DC00D2DB0E /* cast.h */ = {isa = PBXFileReference; lastKnownFileType = sourcecode.c.h; path = cast.h; sourceTree = "<group>"; };
		F6B5D6251DAB46DC00D2DB0E /* cmac.h */ = {isa = PBXFileReference; lastKnownFileType = sourcecode.c.h; path = cmac.h; sourceTree = "<group>"; };
		F6B5D6261DAB46DC00D2DB0E /* cms.h */ = {isa = PBXFileReference; lastKnownFileType = sourcecode.c.h; path = cms.h; sourceTree = "<group>"; };
		F6B5D6271DAB46DC00D2DB0E /* comp.h */ = {isa = PBXFileReference; lastKnownFileType = sourcecode.c.h; path = comp.h; sourceTree = "<group>"; };
		F6B5D6281DAB46DC00D2DB0E /* conf.h */ = {isa = PBXFileReference; lastKnownFileType = sourcecode.c.h; path = conf.h; sourceTree = "<group>"; };
		F6B5D6291DAB46DC00D2DB0E /* conf_api.h */ = {isa = PBXFileReference; lastKnownFileType = sourcecode.c.h; path = conf_api.h; sourceTree = "<group>"; };
		F6B5D62A1DAB46DC00D2DB0E /* crypto.h */ = {isa = PBXFileReference; lastKnownFileType = sourcecode.c.h; path = crypto.h; sourceTree = "<group>"; };
		F6B5D62B1DAB46DC00D2DB0E /* des.h */ = {isa = PBXFileReference; lastKnownFileType = sourcecode.c.h; path = des.h; sourceTree = "<group>"; };
		F6B5D62C1DAB46DC00D2DB0E /* des_old.h */ = {isa = PBXFileReference; lastKnownFileType = sourcecode.c.h; path = des_old.h; sourceTree = "<group>"; };
		F6B5D62D1DAB46DC00D2DB0E /* dh.h */ = {isa = PBXFileReference; lastKnownFileType = sourcecode.c.h; path = dh.h; sourceTree = "<group>"; };
		F6B5D62E1DAB46DC00D2DB0E /* dsa.h */ = {isa = PBXFileReference; lastKnownFileType = sourcecode.c.h; path = dsa.h; sourceTree = "<group>"; };
		F6B5D62F1DAB46DC00D2DB0E /* dso.h */ = {isa = PBXFileReference; lastKnownFileType = sourcecode.c.h; path = dso.h; sourceTree = "<group>"; };
		F6B5D6301DAB46DC00D2DB0E /* dtls1.h */ = {isa = PBXFileReference; lastKnownFileType = sourcecode.c.h; path = dtls1.h; sourceTree = "<group>"; };
		F6B5D6311DAB46DC00D2DB0E /* e_os2.h */ = {isa = PBXFileReference; lastKnownFileType = sourcecode.c.h; path = e_os2.h; sourceTree = "<group>"; };
		F6B5D6321DAB46DC00D2DB0E /* ebcdic.h */ = {isa = PBXFileReference; lastKnownFileType = sourcecode.c.h; path = ebcdic.h; sourceTree = "<group>"; };
		F6B5D6331DAB46DC00D2DB0E /* ec.h */ = {isa = PBXFileReference; lastKnownFileType = sourcecode.c.h; path = ec.h; sourceTree = "<group>"; };
		F6B5D6341DAB46DC00D2DB0E /* ecdh.h */ = {isa = PBXFileReference; lastKnownFileType = sourcecode.c.h; path = ecdh.h; sourceTree = "<group>"; };
		F6B5D6351DAB46DC00D2DB0E /* ecdsa.h */ = {isa = PBXFileReference; lastKnownFileType = sourcecode.c.h; path = ecdsa.h; sourceTree = "<group>"; };
		F6B5D6361DAB46DC00D2DB0E /* engine.h */ = {isa = PBXFileReference; lastKnownFileType = sourcecode.c.h; path = engine.h; sourceTree = "<group>"; };
		F6B5D6371DAB46DC00D2DB0E /* err.h */ = {isa = PBXFileReference; lastKnownFileType = sourcecode.c.h; path = err.h; sourceTree = "<group>"; };
		F6B5D6381DAB46DC00D2DB0E /* evp.h */ = {isa = PBXFileReference; lastKnownFileType = sourcecode.c.h; path = evp.h; sourceTree = "<group>"; };
		F6B5D6391DAB46DC00D2DB0E /* hmac.h */ = {isa = PBXFileReference; lastKnownFileType = sourcecode.c.h; path = hmac.h; sourceTree = "<group>"; };
		F6B5D63A1DAB46DC00D2DB0E /* idea.h */ = {isa = PBXFileReference; lastKnownFileType = sourcecode.c.h; path = idea.h; sourceTree = "<group>"; };
		F6B5D63B1DAB46DC00D2DB0E /* krb5_asn.h */ = {isa = PBXFileReference; lastKnownFileType = sourcecode.c.h; path = krb5_asn.h; sourceTree = "<group>"; };
		F6B5D63C1DAB46DC00D2DB0E /* kssl.h */ = {isa = PBXFileReference; lastKnownFileType = sourcecode.c.h; path = kssl.h; sourceTree = "<group>"; };
		F6B5D63D1DAB46DC00D2DB0E /* lhash.h */ = {isa = PBXFileReference; lastKnownFileType = sourcecode.c.h; path = lhash.h; sourceTree = "<group>"; };
		F6B5D63E1DAB46DC00D2DB0E /* md4.h */ = {isa = PBXFileReference; lastKnownFileType = sourcecode.c.h; path = md4.h; sourceTree = "<group>"; };
		F6B5D63F1DAB46DC00D2DB0E /* md5.h */ = {isa = PBXFileReference; lastKnownFileType = sourcecode.c.h; path = md5.h; sourceTree = "<group>"; };
		F6B5D6401DAB46DC00D2DB0E /* mdc2.h */ = {isa = PBXFileReference; lastKnownFileType = sourcecode.c.h; path = mdc2.h; sourceTree = "<group>"; };
		F6B5D6411DAB46DC00D2DB0E /* modes.h */ = {isa = PBXFileReference; lastKnownFileType = sourcecode.c.h; path = modes.h; sourceTree = "<group>"; };
		F6B5D6421DAB46DC00D2DB0E /* obj_mac.h */ = {isa = PBXFileReference; lastKnownFileType = sourcecode.c.h; path = obj_mac.h; sourceTree = "<group>"; };
		F6B5D6431DAB46DC00D2DB0E /* objects.h */ = {isa = PBXFileReference; lastKnownFileType = sourcecode.c.h; path = objects.h; sourceTree = "<group>"; };
		F6B5D6441DAB46DC00D2DB0E /* ocsp.h */ = {isa = PBXFileReference; lastKnownFileType = sourcecode.c.h; path = ocsp.h; sourceTree = "<group>"; };
		F6B5D6451DAB46DC00D2DB0E /* opensslconf.h */ = {isa = PBXFileReference; lastKnownFileType = sourcecode.c.h; path = opensslconf.h; sourceTree = "<group>"; };
		F6B5D6461DAB46DC00D2DB0E /* opensslv.h */ = {isa = PBXFileReference; lastKnownFileType = sourcecode.c.h; path = opensslv.h; sourceTree = "<group>"; };
		F6B5D6471DAB46DC00D2DB0E /* ossl_typ.h */ = {isa = PBXFileReference; lastKnownFileType = sourcecode.c.h; path = ossl_typ.h; sourceTree = "<group>"; };
		F6B5D6481DAB46DC00D2DB0E /* pem.h */ = {isa = PBXFileReference; lastKnownFileType = sourcecode.c.h; path = pem.h; sourceTree = "<group>"; };
		F6B5D6491DAB46DC00D2DB0E /* pem2.h */ = {isa = PBXFileReference; lastKnownFileType = sourcecode.c.h; path = pem2.h; sourceTree = "<group>"; };
		F6B5D64A1DAB46DC00D2DB0E /* pkcs12.h */ = {isa = PBXFileReference; lastKnownFileType = sourcecode.c.h; path = pkcs12.h; sourceTree = "<group>"; };
		F6B5D64B1DAB46DC00D2DB0E /* pkcs7.h */ = {isa = PBXFileReference; lastKnownFileType = sourcecode.c.h; path = pkcs7.h; sourceTree = "<group>"; };
		F6B5D64C1DAB46DC00D2DB0E /* pqueue.h */ = {isa = PBXFileReference; lastKnownFileType = sourcecode.c.h; path = pqueue.h; sourceTree = "<group>"; };
		F6B5D64D1DAB46DC00D2DB0E /* rand.h */ = {isa = PBXFileReference; lastKnownFileType = sourcecode.c.h; path = rand.h; sourceTree = "<group>"; };
		F6B5D64E1DAB46DC00D2DB0E /* rc2.h */ = {isa = PBXFileReference; lastKnownFileType = sourcecode.c.h; path = rc2.h; sourceTree = "<group>"; };
		F6B5D64F1DAB46DC00D2DB0E /* rc4.h */ = {isa = PBXFileReference; lastKnownFileType = sourcecode.c.h; path = rc4.h; sourceTree = "<group>"; };
		F6B5D6501DAB46DC00D2DB0E /* ripemd.h */ = {isa = PBXFileReference; lastKnownFileType = sourcecode.c.h; path = ripemd.h; sourceTree = "<group>"; };
		F6B5D6511DAB46DC00D2DB0E /* rsa.h */ = {isa = PBXFileReference; lastKnownFileType = sourcecode.c.h; path = rsa.h; sourceTree = "<group>"; };
		F6B5D6521DAB46DC00D2DB0E /* safestack.h */ = {isa = PBXFileReference; lastKnownFileType = sourcecode.c.h; path = safestack.h; sourceTree = "<group>"; };
		F6B5D6531DAB46DC00D2DB0E /* seed.h */ = {isa = PBXFileReference; lastKnownFileType = sourcecode.c.h; path = seed.h; sourceTree = "<group>"; };
		F6B5D6541DAB46DC00D2DB0E /* sha.h */ = {isa = PBXFileReference; lastKnownFileType = sourcecode.c.h; path = sha.h; sourceTree = "<group>"; };
		F6B5D6551DAB46DC00D2DB0E /* srp.h */ = {isa = PBXFileReference; lastKnownFileType = sourcecode.c.h; path = srp.h; sourceTree = "<group>"; };
		F6B5D6561DAB46DC00D2DB0E /* srtp.h */ = {isa = PBXFileReference; lastKnownFileType = sourcecode.c.h; path = srtp.h; sourceTree = "<group>"; };
		F6B5D6571DAB46DC00D2DB0E /* ssl.h */ = {isa = PBXFileReference; lastKnownFileType = sourcecode.c.h; path = ssl.h; sourceTree = "<group>"; };
		F6B5D6581DAB46DC00D2DB0E /* ssl2.h */ = {isa = PBXFileReference; lastKnownFileType = sourcecode.c.h; path = ssl2.h; sourceTree = "<group>"; };
		F6B5D6591DAB46DC00D2DB0E /* ssl23.h */ = {isa = PBXFileReference; lastKnownFileType = sourcecode.c.h; path = ssl23.h; sourceTree = "<group>"; };
		F6B5D65A1DAB46DC00D2DB0E /* ssl3.h */ = {isa = PBXFileReference; lastKnownFileType = sourcecode.c.h; path = ssl3.h; sourceTree = "<group>"; };
		F6B5D65B1DAB46DC00D2DB0E /* stack.h */ = {isa = PBXFileReference; lastKnownFileType = sourcecode.c.h; path = stack.h; sourceTree = "<group>"; };
		F6B5D65C1DAB46DC00D2DB0E /* symhacks.h */ = {isa = PBXFileReference; lastKnownFileType = sourcecode.c.h; path = symhacks.h; sourceTree = "<group>"; };
		F6B5D65D1DAB46DC00D2DB0E /* tls1.h */ = {isa = PBXFileReference; lastKnownFileType = sourcecode.c.h; path = tls1.h; sourceTree = "<group>"; };
		F6B5D65E1DAB46DC00D2DB0E /* ts.h */ = {isa = PBXFileReference; lastKnownFileType = sourcecode.c.h; path = ts.h; sourceTree = "<group>"; };
		F6B5D65F1DAB46DC00D2DB0E /* txt_db.h */ = {isa = PBXFileReference; lastKnownFileType = sourcecode.c.h; path = txt_db.h; sourceTree = "<group>"; };
		F6B5D6601DAB46DC00D2DB0E /* ui.h */ = {isa = PBXFileReference; lastKnownFileType = sourcecode.c.h; path = ui.h; sourceTree = "<group>"; };
		F6B5D6611DAB46DC00D2DB0E /* ui_compat.h */ = {isa = PBXFileReference; lastKnownFileType = sourcecode.c.h; path = ui_compat.h; sourceTree = "<group>"; };
		F6B5D6621DAB46DC00D2DB0E /* whrlpool.h */ = {isa = PBXFileReference; lastKnownFileType = sourcecode.c.h; path = whrlpool.h; sourceTree = "<group>"; };
		F6B5D6631DAB46DC00D2DB0E /* x509.h */ = {isa = PBXFileReference; lastKnownFileType = sourcecode.c.h; path = x509.h; sourceTree = "<group>"; };
		F6B5D6641DAB46DC00D2DB0E /* x509_vfy.h */ = {isa = PBXFileReference; lastKnownFileType = sourcecode.c.h; path = x509_vfy.h; sourceTree = "<group>"; };
		F6B5D6651DAB46DC00D2DB0E /* x509v3.h */ = {isa = PBXFileReference; lastKnownFileType = sourcecode.c.h; path = x509v3.h; sourceTree = "<group>"; };
		F6B5D6671DAB730900D2DB0E /* AliyunPlayerSDK.framework */ = {isa = PBXFileReference; lastKnownFileType = wrapper.framework; path = AliyunPlayerSDK.framework; sourceTree = "<group>"; };
		F6DC8F02A3B680CBF3775C17 /* Pods.framework */ = {isa = PBXFileReference; explicitFileType = wrapper.framework; includeInIndex = 0; path = Pods.framework; sourceTree = BUILT_PRODUCTS_DIR; };
		F6DDB0461DAB90A300C44814 /* HPYLoginController.swift */ = {isa = PBXFileReference; fileEncoding = 4; lastKnownFileType = sourcecode.swift; path = HPYLoginController.swift; sourceTree = "<group>"; };
		F6DDB0481DAB91FF00C44814 /* HPYCommunityCtrler.swift */ = {isa = PBXFileReference; fileEncoding = 4; lastKnownFileType = sourcecode.swift; path = HPYCommunityCtrler.swift; sourceTree = "<group>"; };
		F6DDB04A1DAB92CF00C44814 /* HPYConvenienceCtrler.swift */ = {isa = PBXFileReference; fileEncoding = 4; lastKnownFileType = sourcecode.swift; path = HPYConvenienceCtrler.swift; sourceTree = "<group>"; };
		F6DDB04C1DAB930F00C44814 /* HPYHomeController.swift */ = {isa = PBXFileReference; fileEncoding = 4; lastKnownFileType = sourcecode.swift; path = HPYHomeController.swift; sourceTree = "<group>"; };
		F6DDB04E1DAB969700C44814 /* HPYMineController.swift */ = {isa = PBXFileReference; fileEncoding = 4; lastKnownFileType = sourcecode.swift; path = HPYMineController.swift; sourceTree = "<group>"; };
		F6DDB0501DAB974300C44814 /* HPYVideoController.swift */ = {isa = PBXFileReference; fileEncoding = 4; lastKnownFileType = sourcecode.swift; path = HPYVideoController.swift; sourceTree = "<group>"; };
/* End PBXFileReference section */

/* Begin PBXFrameworksBuildPhase section */
		F65D23D61DAA2D220037026F /* Frameworks */ = {
			isa = PBXFrameworksBuildPhase;
			buildActionMask = 2147483647;
			files = (
				F6B5D6191DAB469A00D2DB0E /* libc++.tbd in Frameworks */,
				F6B5D6171DAB468200D2DB0E /* QuartzCore.framework in Frameworks */,
				F6B5D6681DAB730900D2DB0E /* AliyunPlayerSDK.framework in Frameworks */,
				F6B5D6151DAB467300D2DB0E /* CoreText.framework in Frameworks */,
				F6B5D6131DAB466A00D2DB0E /* CoreMotion.framework in Frameworks */,
				F6B5D60C1DAB44BF00D2DB0E /* UserNotifications.framework in Frameworks */,
				F6B5D6081DAB449B00D2DB0E /* libz.tbd in Frameworks */,
				F6B5D6061DAB448800D2DB0E /* Security.framework in Frameworks */,
				F6B5D6041DAB448000D2DB0E /* UIKit.framework in Frameworks */,
				F6B5D6021DAB447800D2DB0E /* Foundation.framework in Frameworks */,
				F6B5D6001DAB446F00D2DB0E /* CoreGraphics.framework in Frameworks */,
				F6B5D5FE1DAB446300D2DB0E /* SystemConfiguration.framework in Frameworks */,
				F6B5D5FC1DAB445A00D2DB0E /* CoreTelephony.framework in Frameworks */,
				F6B5D5FA1DAB443600D2DB0E /* CoreFoundation.framework in Frameworks */,
				F6B5D5F81DAB442F00D2DB0E /* CFNetwork.framework in Frameworks */,
				F6B5D5E41DAB40AB00D2DB0E /* libcrypto.a in Frameworks */,
				F6B5D5E31DAB40AB00D2DB0E /* AlipaySDK.framework in Frameworks */,
				F6B5D5EF1DAB40AB00D2DB0E /* libWeChatSDK.a in Frameworks */,
				F6B5D5E51DAB40AB00D2DB0E /* libssl.a in Frameworks */,
				F6B5D5F51DAB437D00D2DB0E /* jpush-ios-2.1.9.a in Frameworks */,
				EF4AA863B17A114C8FB23355 /* Pods.framework in Frameworks */,
			);
			runOnlyForDeploymentPostprocessing = 0;
		};
/* End PBXFrameworksBuildPhase section */

/* Begin PBXGroup section */
		76FA7C782B54C6D7129E66D3 /* Pods */ = {
			isa = PBXGroup;
			children = (
				AD6CE58FCA79C95874BDE2E4 /* Pods.debug.xcconfig */,
				12999BDEC094B4968B47DB1A /* Pods.release.xcconfig */,
			);
			name = Pods;
			sourceTree = "<group>";
		};
		F615F6441DAC8B4E00C5F7FD /* Tool */ = {
			isa = PBXGroup;
			children = (
				F615F6451DAC8B7400C5F7FD /* Macro.swift */,
			);
			path = Tool;
			sourceTree = SOURCE_ROOT;
		};
		F65D23D01DAA2D220037026F = {
			isa = PBXGroup;
			children = (
				F65D23EE1DAA31C70037026F /* Default-568h@2x.png */,
				F6DDB02D1DAB8CA600C44814 /* Third_part_lib */,
				F6B5D5761DAB40AB00D2DB0E /* AliPay */,
				F65D23DB1DAA2D230037026F /* HPY9Pasture */,
				F65D23DA1DAA2D230037026F /* Products */,
				F6B5D5F61DAB442F00D2DB0E /* Frameworks */,
				76FA7C782B54C6D7129E66D3 /* Pods */,
			);
			sourceTree = "<group>";
		};
		F65D23DA1DAA2D230037026F /* Products */ = {
			isa = PBXGroup;
			children = (
				F65D23D91DAA2D230037026F /* HPY9Pasture.app */,
			);
			name = Products;
			sourceTree = "<group>";
		};
		F65D23DB1DAA2D230037026F /* HPY9Pasture */ = {
			isa = PBXGroup;
			children = (
				F615F6441DAC8B4E00C5F7FD /* Tool */,
				F6DDB0361DAB905C00C44814 /* Home */,
				F6DDB02E1DAB905C00C44814 /* Community */,
				F6DDB0321DAB905C00C44814 /* Convenience */,
				F6DDB03A1DAB905C00C44814 /* Mine */,
				F6DDB03E1DAB905C00C44814 /* VideoHall */,
				F6DDB0421DAB905C00C44814 /* Wellcome */,
				F65D23DC1DAA2D230037026F /* AppDelegate.swift */,
				F6B5D5741DAB343600D2DB0E /* HPYRootController.swift */,
				F65D23E31DAA2D230037026F /* Assets.xcassets */,
				F65D23E51DAA2D230037026F /* LaunchScreen.storyboard */,
				F65D23E81DAA2D230037026F /* Info.plist */,
			);
			path = HPY9Pasture;
			sourceTree = "<group>";
		};
		F6B5D5761DAB40AB00D2DB0E /* AliPay */ = {
			isa = PBXGroup;
			children = (
				F6B5D5771DAB40AB00D2DB0E /* AlipaySDK.bundle */,
				F6B5D5781DAB40AB00D2DB0E /* AlipaySDK.framework */,
				F6B5D5791DAB40AB00D2DB0E /* libcrypto.a */,
				F6B5D57A1DAB40AB00D2DB0E /* libssl.a */,
				F6B5D57B1DAB40AB00D2DB0E /* openssl */,
				F6B5D5C71DAB40AB00D2DB0E /* Order.h */,
				F6B5D5C81DAB40AB00D2DB0E /* Order.m */,
				F6B5D5C91DAB40AB00D2DB0E /* Util */,
			);
			path = AliPay;
			sourceTree = "<group>";
		};
		F6B5D57B1DAB40AB00D2DB0E /* openssl */ = {
			isa = PBXGroup;
			children = (
				F6B5D57C1DAB40AB00D2DB0E /* aes.h */,
				F6B5D57D1DAB40AB00D2DB0E /* asn1.h */,
				F6B5D57E1DAB40AB00D2DB0E /* asn1_mac.h */,
				F6B5D57F1DAB40AB00D2DB0E /* asn1t.h */,
				F6B5D5801DAB40AB00D2DB0E /* bio.h */,
				F6B5D5811DAB40AB00D2DB0E /* blowfish.h */,
				F6B5D5821DAB40AB00D2DB0E /* bn.h */,
				F6B5D5831DAB40AB00D2DB0E /* buffer.h */,
				F6B5D5841DAB40AB00D2DB0E /* camellia.h */,
				F6B5D5851DAB40AB00D2DB0E /* cast.h */,
				F6B5D5861DAB40AB00D2DB0E /* cmac.h */,
				F6B5D5871DAB40AB00D2DB0E /* cms.h */,
				F6B5D5881DAB40AB00D2DB0E /* comp.h */,
				F6B5D5891DAB40AB00D2DB0E /* conf.h */,
				F6B5D58A1DAB40AB00D2DB0E /* conf_api.h */,
				F6B5D58B1DAB40AB00D2DB0E /* crypto.h */,
				F6B5D58C1DAB40AB00D2DB0E /* des.h */,
				F6B5D58D1DAB40AB00D2DB0E /* des_old.h */,
				F6B5D58E1DAB40AB00D2DB0E /* dh.h */,
				F6B5D58F1DAB40AB00D2DB0E /* dsa.h */,
				F6B5D5901DAB40AB00D2DB0E /* dso.h */,
				F6B5D5911DAB40AB00D2DB0E /* dtls1.h */,
				F6B5D5921DAB40AB00D2DB0E /* e_os2.h */,
				F6B5D5931DAB40AB00D2DB0E /* ebcdic.h */,
				F6B5D5941DAB40AB00D2DB0E /* ec.h */,
				F6B5D5951DAB40AB00D2DB0E /* ecdh.h */,
				F6B5D5961DAB40AB00D2DB0E /* ecdsa.h */,
				F6B5D5971DAB40AB00D2DB0E /* engine.h */,
				F6B5D5981DAB40AB00D2DB0E /* err.h */,
				F6B5D5991DAB40AB00D2DB0E /* evp.h */,
				F6B5D59A1DAB40AB00D2DB0E /* hmac.h */,
				F6B5D59B1DAB40AB00D2DB0E /* idea.h */,
				F6B5D59C1DAB40AB00D2DB0E /* krb5_asn.h */,
				F6B5D59D1DAB40AB00D2DB0E /* kssl.h */,
				F6B5D59E1DAB40AB00D2DB0E /* lhash.h */,
				F6B5D59F1DAB40AB00D2DB0E /* md4.h */,
				F6B5D5A01DAB40AB00D2DB0E /* md5.h */,
				F6B5D5A11DAB40AB00D2DB0E /* mdc2.h */,
				F6B5D5A21DAB40AB00D2DB0E /* modes.h */,
				F6B5D5A31DAB40AB00D2DB0E /* obj_mac.h */,
				F6B5D5A41DAB40AB00D2DB0E /* objects.h */,
				F6B5D5A51DAB40AB00D2DB0E /* ocsp.h */,
				F6B5D5A61DAB40AB00D2DB0E /* opensslconf.h */,
				F6B5D5A71DAB40AB00D2DB0E /* opensslv.h */,
				F6B5D5A81DAB40AB00D2DB0E /* ossl_typ.h */,
				F6B5D5A91DAB40AB00D2DB0E /* pem.h */,
				F6B5D5AA1DAB40AB00D2DB0E /* pem2.h */,
				F6B5D5AB1DAB40AB00D2DB0E /* pkcs12.h */,
				F6B5D5AC1DAB40AB00D2DB0E /* pkcs7.h */,
				F6B5D5AD1DAB40AB00D2DB0E /* pqueue.h */,
				F6B5D5AE1DAB40AB00D2DB0E /* rand.h */,
				F6B5D5AF1DAB40AB00D2DB0E /* rc2.h */,
				F6B5D5B01DAB40AB00D2DB0E /* rc4.h */,
				F6B5D5B11DAB40AB00D2DB0E /* ripemd.h */,
				F6B5D5B21DAB40AB00D2DB0E /* rsa.h */,
				F6B5D5B31DAB40AB00D2DB0E /* safestack.h */,
				F6B5D5B41DAB40AB00D2DB0E /* seed.h */,
				F6B5D5B51DAB40AB00D2DB0E /* sha.h */,
				F6B5D5B61DAB40AB00D2DB0E /* srp.h */,
				F6B5D5B71DAB40AB00D2DB0E /* srtp.h */,
				F6B5D5B81DAB40AB00D2DB0E /* ssl.h */,
				F6B5D5B91DAB40AB00D2DB0E /* ssl2.h */,
				F6B5D5BA1DAB40AB00D2DB0E /* ssl23.h */,
				F6B5D5BB1DAB40AB00D2DB0E /* ssl3.h */,
				F6B5D5BC1DAB40AB00D2DB0E /* stack.h */,
				F6B5D5BD1DAB40AB00D2DB0E /* symhacks.h */,
				F6B5D5BE1DAB40AB00D2DB0E /* tls1.h */,
				F6B5D5BF1DAB40AB00D2DB0E /* ts.h */,
				F6B5D5C01DAB40AB00D2DB0E /* txt_db.h */,
				F6B5D5C11DAB40AB00D2DB0E /* ui.h */,
				F6B5D5C21DAB40AB00D2DB0E /* ui_compat.h */,
				F6B5D5C31DAB40AB00D2DB0E /* whrlpool.h */,
				F6B5D5C41DAB40AB00D2DB0E /* x509.h */,
				F6B5D5C51DAB40AB00D2DB0E /* x509_vfy.h */,
				F6B5D5C61DAB40AB00D2DB0E /* x509v3.h */,
			);
			path = openssl;
			sourceTree = "<group>";
		};
		F6B5D5C91DAB40AB00D2DB0E /* Util */ = {
			isa = PBXGroup;
			children = (
				F6B5D5CA1DAB40AB00D2DB0E /* base64.h */,
				F6B5D5CB1DAB40AB00D2DB0E /* base64.m */,
				F6B5D5CC1DAB40AB00D2DB0E /* config.h */,
				F6B5D5CD1DAB40AB00D2DB0E /* DataSigner.h */,
				F6B5D5CE1DAB40AB00D2DB0E /* DataSigner.m */,
				F6B5D5CF1DAB40AB00D2DB0E /* DataVerifier.h */,
				F6B5D5D01DAB40AB00D2DB0E /* DataVerifier.m */,
				F6B5D5D11DAB40AB00D2DB0E /* MD5DataSigner.h */,
				F6B5D5D21DAB40AB00D2DB0E /* MD5DataSigner.m */,
				F6B5D5D31DAB40AB00D2DB0E /* NSDataEx.h */,
				F6B5D5D41DAB40AB00D2DB0E /* NSDataEx.m */,
				F6B5D5D51DAB40AB00D2DB0E /* openssl_wrapper.h */,
				F6B5D5D61DAB40AB00D2DB0E /* openssl_wrapper.m */,
				F6B5D5D71DAB40AB00D2DB0E /* RSADataSigner.h */,
				F6B5D5D81DAB40AB00D2DB0E /* RSADataSigner.m */,
				F6B5D5D91DAB40AB00D2DB0E /* RSADataVerifier.h */,
				F6B5D5DA1DAB40AB00D2DB0E /* RSADataVerifier.m */,
			);
			path = Util;
			sourceTree = "<group>";
		};
		F6B5D5DB1DAB40AB00D2DB0E /* SDKExport */ = {
			isa = PBXGroup;
			children = (
				F6B5D5DC1DAB40AB00D2DB0E /* libWeChatSDK.a */,
				F6B5D5DD1DAB40AB00D2DB0E /* read_me.txt */,
				F6B5D5DE1DAB40AB00D2DB0E /* README.txt */,
				F6B5D5DF1DAB40AB00D2DB0E /* WechatAuthSDK.h */,
				F6B5D5E01DAB40AB00D2DB0E /* WXApi.h */,
				F6B5D5E11DAB40AB00D2DB0E /* WXApiObject.h */,
			);
			path = SDKExport;
			sourceTree = "<group>";
		};
		F6B5D5F21DAB437D00D2DB0E /* JGLib */ = {
			isa = PBXGroup;
			children = (
				F6B5D5F31DAB437D00D2DB0E /* jpush-ios-2.1.9.a */,
				F6B5D5F41DAB437D00D2DB0E /* JPUSHService.h */,
			);
			path = JGLib;
			sourceTree = "<group>";
		};
		F6B5D5F61DAB442F00D2DB0E /* Frameworks */ = {
			isa = PBXGroup;
			children = (
				F6B5D61A1DAB46DC00D2DB0E /* openssl */,
				F6B5D6181DAB469A00D2DB0E /* libc++.tbd */,
				F6B5D6161DAB468200D2DB0E /* QuartzCore.framework */,
				F6B5D6141DAB467300D2DB0E /* CoreText.framework */,
				F6B5D6121DAB466A00D2DB0E /* CoreMotion.framework */,
				F6B5D60B1DAB44BF00D2DB0E /* UserNotifications.framework */,
				F6B5D6091DAB44A700D2DB0E /* AdSupport.framework */,
				F6B5D6071DAB449B00D2DB0E /* libz.tbd */,
				F6B5D6051DAB448800D2DB0E /* Security.framework */,
				F6B5D6031DAB448000D2DB0E /* UIKit.framework */,
				F6B5D6011DAB447800D2DB0E /* Foundation.framework */,
				F6B5D5FF1DAB446F00D2DB0E /* CoreGraphics.framework */,
				F6B5D5FD1DAB446300D2DB0E /* SystemConfiguration.framework */,
				F6B5D5FB1DAB445A00D2DB0E /* CoreTelephony.framework */,
				F6B5D5F91DAB443600D2DB0E /* CoreFoundation.framework */,
				F6B5D5F71DAB442F00D2DB0E /* CFNetwork.framework */,
				F6DC8F02A3B680CBF3775C17 /* Pods.framework */,
			);
			name = Frameworks;
			sourceTree = "<group>";
		};
		F6B5D61A1DAB46DC00D2DB0E /* openssl */ = {
			isa = PBXGroup;
			children = (
				F6B5D61B1DAB46DC00D2DB0E /* aes.h */,
				F6B5D61C1DAB46DC00D2DB0E /* asn1.h */,
				F6B5D61D1DAB46DC00D2DB0E /* asn1_mac.h */,
				F6B5D61E1DAB46DC00D2DB0E /* asn1t.h */,
				F6B5D61F1DAB46DC00D2DB0E /* bio.h */,
				F6B5D6201DAB46DC00D2DB0E /* blowfish.h */,
				F6B5D6211DAB46DC00D2DB0E /* bn.h */,
				F6B5D6221DAB46DC00D2DB0E /* buffer.h */,
				F6B5D6231DAB46DC00D2DB0E /* camellia.h */,
				F6B5D6241DAB46DC00D2DB0E /* cast.h */,
				F6B5D6251DAB46DC00D2DB0E /* cmac.h */,
				F6B5D6261DAB46DC00D2DB0E /* cms.h */,
				F6B5D6271DAB46DC00D2DB0E /* comp.h */,
				F6B5D6281DAB46DC00D2DB0E /* conf.h */,
				F6B5D6291DAB46DC00D2DB0E /* conf_api.h */,
				F6B5D62A1DAB46DC00D2DB0E /* crypto.h */,
				F6B5D62B1DAB46DC00D2DB0E /* des.h */,
				F6B5D62C1DAB46DC00D2DB0E /* des_old.h */,
				F6B5D62D1DAB46DC00D2DB0E /* dh.h */,
				F6B5D62E1DAB46DC00D2DB0E /* dsa.h */,
				F6B5D62F1DAB46DC00D2DB0E /* dso.h */,
				F6B5D6301DAB46DC00D2DB0E /* dtls1.h */,
				F6B5D6311DAB46DC00D2DB0E /* e_os2.h */,
				F6B5D6321DAB46DC00D2DB0E /* ebcdic.h */,
				F6B5D6331DAB46DC00D2DB0E /* ec.h */,
				F6B5D6341DAB46DC00D2DB0E /* ecdh.h */,
				F6B5D6351DAB46DC00D2DB0E /* ecdsa.h */,
				F6B5D6361DAB46DC00D2DB0E /* engine.h */,
				F6B5D6371DAB46DC00D2DB0E /* err.h */,
				F6B5D6381DAB46DC00D2DB0E /* evp.h */,
				F6B5D6391DAB46DC00D2DB0E /* hmac.h */,
				F6B5D63A1DAB46DC00D2DB0E /* idea.h */,
				F6B5D63B1DAB46DC00D2DB0E /* krb5_asn.h */,
				F6B5D63C1DAB46DC00D2DB0E /* kssl.h */,
				F6B5D63D1DAB46DC00D2DB0E /* lhash.h */,
				F6B5D63E1DAB46DC00D2DB0E /* md4.h */,
				F6B5D63F1DAB46DC00D2DB0E /* md5.h */,
				F6B5D6401DAB46DC00D2DB0E /* mdc2.h */,
				F6B5D6411DAB46DC00D2DB0E /* modes.h */,
				F6B5D6421DAB46DC00D2DB0E /* obj_mac.h */,
				F6B5D6431DAB46DC00D2DB0E /* objects.h */,
				F6B5D6441DAB46DC00D2DB0E /* ocsp.h */,
				F6B5D6451DAB46DC00D2DB0E /* opensslconf.h */,
				F6B5D6461DAB46DC00D2DB0E /* opensslv.h */,
				F6B5D6471DAB46DC00D2DB0E /* ossl_typ.h */,
				F6B5D6481DAB46DC00D2DB0E /* pem.h */,
				F6B5D6491DAB46DC00D2DB0E /* pem2.h */,
				F6B5D64A1DAB46DC00D2DB0E /* pkcs12.h */,
				F6B5D64B1DAB46DC00D2DB0E /* pkcs7.h */,
				F6B5D64C1DAB46DC00D2DB0E /* pqueue.h */,
				F6B5D64D1DAB46DC00D2DB0E /* rand.h */,
				F6B5D64E1DAB46DC00D2DB0E /* rc2.h */,
				F6B5D64F1DAB46DC00D2DB0E /* rc4.h */,
				F6B5D6501DAB46DC00D2DB0E /* ripemd.h */,
				F6B5D6511DAB46DC00D2DB0E /* rsa.h */,
				F6B5D6521DAB46DC00D2DB0E /* safestack.h */,
				F6B5D6531DAB46DC00D2DB0E /* seed.h */,
				F6B5D6541DAB46DC00D2DB0E /* sha.h */,
				F6B5D6551DAB46DC00D2DB0E /* srp.h */,
				F6B5D6561DAB46DC00D2DB0E /* srtp.h */,
				F6B5D6571DAB46DC00D2DB0E /* ssl.h */,
				F6B5D6581DAB46DC00D2DB0E /* ssl2.h */,
				F6B5D6591DAB46DC00D2DB0E /* ssl23.h */,
				F6B5D65A1DAB46DC00D2DB0E /* ssl3.h */,
				F6B5D65B1DAB46DC00D2DB0E /* stack.h */,
				F6B5D65C1DAB46DC00D2DB0E /* symhacks.h */,
				F6B5D65D1DAB46DC00D2DB0E /* tls1.h */,
				F6B5D65E1DAB46DC00D2DB0E /* ts.h */,
				F6B5D65F1DAB46DC00D2DB0E /* txt_db.h */,
				F6B5D6601DAB46DC00D2DB0E /* ui.h */,
				F6B5D6611DAB46DC00D2DB0E /* ui_compat.h */,
				F6B5D6621DAB46DC00D2DB0E /* whrlpool.h */,
				F6B5D6631DAB46DC00D2DB0E /* x509.h */,
				F6B5D6641DAB46DC00D2DB0E /* x509_vfy.h */,
				F6B5D6651DAB46DC00D2DB0E /* x509v3.h */,
			);
			name = openssl;
			path = AliPay/openssl;
			sourceTree = "<group>";
		};
		F6B5D6661DAB730900D2DB0E /* AliplayLib */ = {
			isa = PBXGroup;
			children = (
				F6B5D6671DAB730900D2DB0E /* AliyunPlayerSDK.framework */,
			);
			path = AliplayLib;
			sourceTree = "<group>";
		};
		F6DDB02D1DAB8CA600C44814 /* Third_part_lib */ = {
			isa = PBXGroup;
			children = (
				F6B5D6661DAB730900D2DB0E /* AliplayLib */,
				F6B5D5F21DAB437D00D2DB0E /* JGLib */,
				F6B5D5DB1DAB40AB00D2DB0E /* SDKExport */,
			);
			name = Third_part_lib;
			sourceTree = "<group>";
		};
		F6DDB02E1DAB905C00C44814 /* Community */ = {
			isa = PBXGroup;
			children = (
				F6DDB02F1DAB905C00C44814 /* Controller */,
				F6DDB0301DAB905C00C44814 /* Model */,
				F6DDB0311DAB905C00C44814 /* View */,
			);
			path = Community;
			sourceTree = "<group>";
		};
		F6DDB02F1DAB905C00C44814 /* Controller */ = {
			isa = PBXGroup;
			children = (
				F6DDB0481DAB91FF00C44814 /* HPYCommunityCtrler.swift */,
			);
			path = Controller;
			sourceTree = "<group>";
		};
		F6DDB0301DAB905C00C44814 /* Model */ = {
			isa = PBXGroup;
			children = (
			);
			path = Model;
			sourceTree = "<group>";
		};
		F6DDB0311DAB905C00C44814 /* View */ = {
			isa = PBXGroup;
			children = (
			);
			path = View;
			sourceTree = "<group>";
		};
		F6DDB0321DAB905C00C44814 /* Convenience */ = {
			isa = PBXGroup;
			children = (
				F6DDB0331DAB905C00C44814 /* Controller */,
				F6DDB0341DAB905C00C44814 /* Model */,
				F6DDB0351DAB905C00C44814 /* View */,
			);
			path = Convenience;
			sourceTree = "<group>";
		};
		F6DDB0331DAB905C00C44814 /* Controller */ = {
			isa = PBXGroup;
			children = (
				F6DDB04A1DAB92CF00C44814 /* HPYConvenienceCtrler.swift */,
			);
			path = Controller;
			sourceTree = "<group>";
		};
		F6DDB0341DAB905C00C44814 /* Model */ = {
			isa = PBXGroup;
			children = (
			);
			path = Model;
			sourceTree = "<group>";
		};
		F6DDB0351DAB905C00C44814 /* View */ = {
			isa = PBXGroup;
			children = (
			);
			path = View;
			sourceTree = "<group>";
		};
		F6DDB0361DAB905C00C44814 /* Home */ = {
			isa = PBXGroup;
			children = (
				F6DDB0371DAB905C00C44814 /* Controller */,
				F6DDB0381DAB905C00C44814 /* Model */,
				F6DDB0391DAB905C00C44814 /* View */,
			);
			path = Home;
			sourceTree = "<group>";
		};
		F6DDB0371DAB905C00C44814 /* Controller */ = {
			isa = PBXGroup;
			children = (
				F6DDB04C1DAB930F00C44814 /* HPYHomeController.swift */,
			);
			path = Controller;
			sourceTree = "<group>";
		};
		F6DDB0381DAB905C00C44814 /* Model */ = {
			isa = PBXGroup;
			children = (
			);
			path = Model;
			sourceTree = "<group>";
		};
		F6DDB0391DAB905C00C44814 /* View */ = {
			isa = PBXGroup;
			children = (
			);
			path = View;
			sourceTree = "<group>";
		};
		F6DDB03A1DAB905C00C44814 /* Mine */ = {
			isa = PBXGroup;
			children = (
				F6DDB03B1DAB905C00C44814 /* Controller */,
				F6DDB03C1DAB905C00C44814 /* Model */,
				F6DDB03D1DAB905C00C44814 /* View */,
			);
			path = Mine;
			sourceTree = "<group>";
		};
		F6DDB03B1DAB905C00C44814 /* Controller */ = {
			isa = PBXGroup;
			children = (
				F6DDB04E1DAB969700C44814 /* HPYMineController.swift */,
			);
			path = Controller;
			sourceTree = "<group>";
		};
		F6DDB03C1DAB905C00C44814 /* Model */ = {
			isa = PBXGroup;
			children = (
			);
			path = Model;
			sourceTree = "<group>";
		};
		F6DDB03D1DAB905C00C44814 /* View */ = {
			isa = PBXGroup;
			children = (
			);
			path = View;
			sourceTree = "<group>";
		};
		F6DDB03E1DAB905C00C44814 /* VideoHall */ = {
			isa = PBXGroup;
			children = (
				F6DDB03F1DAB905C00C44814 /* Controller */,
				F6DDB0401DAB905C00C44814 /* Model */,
				F6DDB0411DAB905C00C44814 /* View */,
			);
			path = VideoHall;
			sourceTree = "<group>";
		};
		F6DDB03F1DAB905C00C44814 /* Controller */ = {
			isa = PBXGroup;
			children = (
				F6DDB0501DAB974300C44814 /* HPYVideoController.swift */,
			);
			path = Controller;
			sourceTree = "<group>";
		};
		F6DDB0401DAB905C00C44814 /* Model */ = {
			isa = PBXGroup;
			children = (
			);
			path = Model;
			sourceTree = "<group>";
		};
		F6DDB0411DAB905C00C44814 /* View */ = {
			isa = PBXGroup;
			children = (
			);
			path = View;
			sourceTree = "<group>";
		};
		F6DDB0421DAB905C00C44814 /* Wellcome */ = {
			isa = PBXGroup;
			children = (
				F6DDB0431DAB905C00C44814 /* Controller */,
				F6DDB0441DAB905C00C44814 /* Model */,
				F6DDB0451DAB905C00C44814 /* View */,
			);
			path = Wellcome;
			sourceTree = "<group>";
		};
		F6DDB0431DAB905C00C44814 /* Controller */ = {
			isa = PBXGroup;
			children = (
				F6DDB0461DAB90A300C44814 /* HPYLoginController.swift */,
				F615F6471DACBEE400C5F7FD /* HPYFgetPasswordCtrler.swift */,
				F615F6491DACD2E100C5F7FD /* HPYRegisterController.swift */,
			);
			path = Controller;
			sourceTree = "<group>";
		};
		F6DDB0441DAB905C00C44814 /* Model */ = {
			isa = PBXGroup;
			children = (
			);
			path = Model;
			sourceTree = "<group>";
		};
		F6DDB0451DAB905C00C44814 /* View */ = {
			isa = PBXGroup;
			children = (
			);
			path = View;
			sourceTree = "<group>";
		};
/* End PBXGroup section */

/* Begin PBXNativeTarget section */
		F65D23D81DAA2D220037026F /* HPY9Pasture */ = {
			isa = PBXNativeTarget;
			buildConfigurationList = F65D23EB1DAA2D230037026F /* Build configuration list for PBXNativeTarget "HPY9Pasture" */;
			buildPhases = (
				7A1079EC77F85603A886B16A /* Check Pods Manifest.lock */,
				F65D23D51DAA2D220037026F /* Sources */,
				F65D23D61DAA2D220037026F /* Frameworks */,
				F65D23D71DAA2D220037026F /* Resources */,
				D36C7F8995D5637317AD3E8F /* Embed Pods Frameworks */,
				8519E3E131159880F0439131 /* Copy Pods Resources */,
			);
			buildRules = (
			);
			dependencies = (
			);
			name = HPY9Pasture;
			productName = HPY9Pasture;
			productReference = F65D23D91DAA2D230037026F /* HPY9Pasture.app */;
			productType = "com.apple.product-type.application";
		};
/* End PBXNativeTarget section */

/* Begin PBXProject section */
		F65D23D11DAA2D220037026F /* Project object */ = {
			isa = PBXProject;
			attributes = {
				LastSwiftUpdateCheck = 0800;
				LastUpgradeCheck = 0800;
				ORGANIZATIONNAME = "北京校酷网络科技有限公司";
				TargetAttributes = {
					F65D23D81DAA2D220037026F = {
						CreatedOnToolsVersion = 8.0;
						DevelopmentTeam = H58LYH4V4T;
						LastSwiftMigration = 0800;
						ProvisioningStyle = Automatic;
					};
				};
			};
			buildConfigurationList = F65D23D41DAA2D220037026F /* Build configuration list for PBXProject "HPY9Pasture" */;
			compatibilityVersion = "Xcode 3.2";
			developmentRegion = English;
			hasScannedForEncodings = 0;
			knownRegions = (
				en,
				Base,
			);
			mainGroup = F65D23D01DAA2D220037026F;
			productRefGroup = F65D23DA1DAA2D230037026F /* Products */;
			projectDirPath = "";
			projectRoot = "";
			targets = (
				F65D23D81DAA2D220037026F /* HPY9Pasture */,
			);
		};
/* End PBXProject section */

/* Begin PBXResourcesBuildPhase section */
		F65D23D71DAA2D220037026F /* Resources */ = {
			isa = PBXResourcesBuildPhase;
			buildActionMask = 2147483647;
			files = (
				F65D23E71DAA2D230037026F /* LaunchScreen.storyboard in Resources */,
				F65D23E41DAA2D230037026F /* Assets.xcassets in Resources */,
				F6B5D5E21DAB40AB00D2DB0E /* AlipaySDK.bundle in Resources */,
				F65D23EF1DAA31C70037026F /* Default-568h@2x.png in Resources */,
				F6B5D5F11DAB40AB00D2DB0E /* README.txt in Resources */,
				F6B5D5F01DAB40AB00D2DB0E /* read_me.txt in Resources */,
			);
			runOnlyForDeploymentPostprocessing = 0;
		};
/* End PBXResourcesBuildPhase section */

/* Begin PBXShellScriptBuildPhase section */
		7A1079EC77F85603A886B16A /* Check Pods Manifest.lock */ = {
			isa = PBXShellScriptBuildPhase;
			buildActionMask = 2147483647;
			files = (
			);
			inputPaths = (
			);
			name = "Check Pods Manifest.lock";
			outputPaths = (
			);
			runOnlyForDeploymentPostprocessing = 0;
			shellPath = /bin/sh;
			shellScript = "diff \"${PODS_ROOT}/../Podfile.lock\" \"${PODS_ROOT}/Manifest.lock\" > /dev/null\nif [[ $? != 0 ]] ; then\n    cat << EOM\nerror: The sandbox is not in sync with the Podfile.lock. Run 'pod install' or update your CocoaPods installation.\nEOM\n    exit 1\nfi\n";
			showEnvVarsInLog = 0;
		};
		8519E3E131159880F0439131 /* Copy Pods Resources */ = {
			isa = PBXShellScriptBuildPhase;
			buildActionMask = 2147483647;
			files = (
			);
			inputPaths = (
			);
			name = "Copy Pods Resources";
			outputPaths = (
			);
			runOnlyForDeploymentPostprocessing = 0;
			shellPath = /bin/sh;
			shellScript = "\"${SRCROOT}/Pods/Target Support Files/Pods/Pods-resources.sh\"\n";
			showEnvVarsInLog = 0;
		};
		D36C7F8995D5637317AD3E8F /* Embed Pods Frameworks */ = {
			isa = PBXShellScriptBuildPhase;
			buildActionMask = 2147483647;
			files = (
			);
			inputPaths = (
			);
			name = "Embed Pods Frameworks";
			outputPaths = (
			);
			runOnlyForDeploymentPostprocessing = 0;
			shellPath = /bin/sh;
			shellScript = "\"${SRCROOT}/Pods/Target Support Files/Pods/Pods-frameworks.sh\"\n";
			showEnvVarsInLog = 0;
		};
/* End PBXShellScriptBuildPhase section */

/* Begin PBXSourcesBuildPhase section */
		F65D23D51DAA2D220037026F /* Sources */ = {
			isa = PBXSourcesBuildPhase;
			buildActionMask = 2147483647;
			files = (
				F6DDB04D1DAB930F00C44814 /* HPYHomeController.swift in Sources */,
				F6B5D5E71DAB40AB00D2DB0E /* base64.m in Sources */,
				F6B5D5751DAB343600D2DB0E /* HPYRootController.swift in Sources */,
				F6B5D5EB1DAB40AB00D2DB0E /* NSDataEx.m in Sources */,
				F615F6481DACBEE400C5F7FD /* HPYFgetPasswordCtrler.swift in Sources */,
				F6B5D5EA1DAB40AB00D2DB0E /* MD5DataSigner.m in Sources */,
				F6DDB0511DAB974300C44814 /* HPYVideoController.swift in Sources */,
				F6B5D5EE1DAB40AB00D2DB0E /* RSADataVerifier.m in Sources */,
				F615F64A1DACD2E100C5F7FD /* HPYRegisterController.swift in Sources */,
				F6DDB0491DAB91FF00C44814 /* HPYCommunityCtrler.swift in Sources */,
				F6DDB04F1DAB969700C44814 /* HPYMineController.swift in Sources */,
				F6B5D5E81DAB40AB00D2DB0E /* DataSigner.m in Sources */,
				F6DDB04B1DAB92CF00C44814 /* HPYConvenienceCtrler.swift in Sources */,
				F6B5D5ED1DAB40AB00D2DB0E /* RSADataSigner.m in Sources */,
				F6B5D5EC1DAB40AB00D2DB0E /* openssl_wrapper.m in Sources */,
				F6B5D5E61DAB40AB00D2DB0E /* Order.m in Sources */,
				F6DDB0471DAB90A300C44814 /* HPYLoginController.swift in Sources */,
				F65D23DD1DAA2D230037026F /* AppDelegate.swift in Sources */,
				F615F6461DAC8B7400C5F7FD /* Macro.swift in Sources */,
				F6B5D5E91DAB40AB00D2DB0E /* DataVerifier.m in Sources */,
			);
			runOnlyForDeploymentPostprocessing = 0;
		};
/* End PBXSourcesBuildPhase section */

/* Begin PBXVariantGroup section */
		F65D23E51DAA2D230037026F /* LaunchScreen.storyboard */ = {
			isa = PBXVariantGroup;
			children = (
				F65D23E61DAA2D230037026F /* Base */,
			);
			name = LaunchScreen.storyboard;
			sourceTree = "<group>";
		};
/* End PBXVariantGroup section */

/* Begin XCBuildConfiguration section */
		F65D23E91DAA2D230037026F /* Debug */ = {
			isa = XCBuildConfiguration;
			buildSettings = {
				ALWAYS_SEARCH_USER_PATHS = NO;
				CLANG_ANALYZER_NONNULL = YES;
				CLANG_CXX_LANGUAGE_STANDARD = "gnu++0x";
				CLANG_CXX_LIBRARY = "libc++";
				CLANG_ENABLE_MODULES = YES;
				CLANG_ENABLE_OBJC_ARC = YES;
				CLANG_WARN_BOOL_CONVERSION = YES;
				CLANG_WARN_CONSTANT_CONVERSION = YES;
				CLANG_WARN_DIRECT_OBJC_ISA_USAGE = YES_ERROR;
				CLANG_WARN_DOCUMENTATION_COMMENTS = YES;
				CLANG_WARN_EMPTY_BODY = YES;
				CLANG_WARN_ENUM_CONVERSION = YES;
				CLANG_WARN_INFINITE_RECURSION = YES;
				CLANG_WARN_INT_CONVERSION = YES;
				CLANG_WARN_OBJC_ROOT_CLASS = YES_ERROR;
				CLANG_WARN_SUSPICIOUS_MOVE = YES;
				CLANG_WARN_SUSPICIOUS_MOVES = YES;
				CLANG_WARN_UNREACHABLE_CODE = YES;
				CLANG_WARN__DUPLICATE_METHOD_MATCH = YES;
				"CODE_SIGN_IDENTITY[sdk=iphoneos*]" = "iPhone Developer";
				COPY_PHASE_STRIP = NO;
				DEBUG_INFORMATION_FORMAT = dwarf;
				ENABLE_STRICT_OBJC_MSGSEND = YES;
				ENABLE_TESTABILITY = YES;
				GCC_C_LANGUAGE_STANDARD = gnu99;
				GCC_DYNAMIC_NO_PIC = NO;
				GCC_NO_COMMON_BLOCKS = YES;
				GCC_OPTIMIZATION_LEVEL = 0;
				GCC_PREPROCESSOR_DEFINITIONS = (
					"DEBUG=1",
					"$(inherited)",
				);
				GCC_WARN_64_TO_32_BIT_CONVERSION = YES;
				GCC_WARN_ABOUT_RETURN_TYPE = YES_ERROR;
				GCC_WARN_UNDECLARED_SELECTOR = YES;
				GCC_WARN_UNINITIALIZED_AUTOS = YES_AGGRESSIVE;
				GCC_WARN_UNUSED_FUNCTION = YES;
				GCC_WARN_UNUSED_VARIABLE = YES;
				IPHONEOS_DEPLOYMENT_TARGET = 10.0;
				MTL_ENABLE_DEBUG_INFO = YES;
				ONLY_ACTIVE_ARCH = YES;
				SDKROOT = iphoneos;
				SWIFT_ACTIVE_COMPILATION_CONDITIONS = DEBUG;
				SWIFT_OPTIMIZATION_LEVEL = "-Onone";
				SWIFT_VERSION = 2.3;
				VALID_ARCHS = "arm64 armv7 armv7s x86_64";
			};
			name = Debug;
		};
		F65D23EA1DAA2D230037026F /* Release */ = {
			isa = XCBuildConfiguration;
			buildSettings = {
				ALWAYS_SEARCH_USER_PATHS = NO;
				CLANG_ANALYZER_NONNULL = YES;
				CLANG_CXX_LANGUAGE_STANDARD = "gnu++0x";
				CLANG_CXX_LIBRARY = "libc++";
				CLANG_ENABLE_MODULES = YES;
				CLANG_ENABLE_OBJC_ARC = YES;
				CLANG_WARN_BOOL_CONVERSION = YES;
				CLANG_WARN_CONSTANT_CONVERSION = YES;
				CLANG_WARN_DIRECT_OBJC_ISA_USAGE = YES_ERROR;
				CLANG_WARN_DOCUMENTATION_COMMENTS = YES;
				CLANG_WARN_EMPTY_BODY = YES;
				CLANG_WARN_ENUM_CONVERSION = YES;
				CLANG_WARN_INFINITE_RECURSION = YES;
				CLANG_WARN_INT_CONVERSION = YES;
				CLANG_WARN_OBJC_ROOT_CLASS = YES_ERROR;
				CLANG_WARN_SUSPICIOUS_MOVE = YES;
				CLANG_WARN_SUSPICIOUS_MOVES = YES;
				CLANG_WARN_UNREACHABLE_CODE = YES;
				CLANG_WARN__DUPLICATE_METHOD_MATCH = YES;
				"CODE_SIGN_IDENTITY[sdk=iphoneos*]" = "iPhone Developer";
				COPY_PHASE_STRIP = NO;
				DEBUG_INFORMATION_FORMAT = "dwarf-with-dsym";
				ENABLE_NS_ASSERTIONS = NO;
				ENABLE_STRICT_OBJC_MSGSEND = YES;
				GCC_C_LANGUAGE_STANDARD = gnu99;
				GCC_NO_COMMON_BLOCKS = YES;
				GCC_WARN_64_TO_32_BIT_CONVERSION = YES;
				GCC_WARN_ABOUT_RETURN_TYPE = YES_ERROR;
				GCC_WARN_UNDECLARED_SELECTOR = YES;
				GCC_WARN_UNINITIALIZED_AUTOS = YES_AGGRESSIVE;
				GCC_WARN_UNUSED_FUNCTION = YES;
				GCC_WARN_UNUSED_VARIABLE = YES;
				IPHONEOS_DEPLOYMENT_TARGET = 10.0;
				MTL_ENABLE_DEBUG_INFO = NO;
				SDKROOT = iphoneos;
				SWIFT_OPTIMIZATION_LEVEL = "-Owholemodule";
				SWIFT_VERSION = 2.3;
				VALIDATE_PRODUCT = YES;
				VALID_ARCHS = "arm64 armv7 armv7s x86_64";
			};
			name = Release;
		};
		F65D23EC1DAA2D230037026F /* Debug */ = {
			isa = XCBuildConfiguration;
			baseConfigurationReference = AD6CE58FCA79C95874BDE2E4 /* Pods.debug.xcconfig */;
			buildSettings = {
				ASSETCATALOG_COMPILER_APPICON_NAME = AppIcon;
				DEVELOPMENT_TEAM = H58LYH4V4T;
				FRAMEWORK_SEARCH_PATHS = (
					"$(inherited)",
					"$(PROJECT_DIR)/AliPay",
					"$(PROJECT_DIR)/AliplayLib",
				);
				HEADER_SEARCH_PATHS = "\"$(SRCROOT)/AliPay\"";
				INFOPLIST_FILE = HPY9Pasture/Info.plist;
				IPHONEOS_DEPLOYMENT_TARGET = 8.0;
				LD_RUNPATH_SEARCH_PATHS = "$(inherited) @executable_path/Frameworks";
				LIBRARY_SEARCH_PATHS = (
					"$(inherited)",
					"$(PROJECT_DIR)/AliPay",
					"$(PROJECT_DIR)/SDKExport",
					"$(PROJECT_DIR)/JGLib",
				);
				PRODUCT_BUNDLE_IDENTIFIER = xiaocool.HPY9Pasture;
				PRODUCT_NAME = "$(TARGET_NAME)";
				SWIFT_VERSION = 2.3;
			};
			name = Debug;
		};
		F65D23ED1DAA2D230037026F /* Release */ = {
			isa = XCBuildConfiguration;
			baseConfigurationReference = 12999BDEC094B4968B47DB1A /* Pods.release.xcconfig */;
			buildSettings = {
				ASSETCATALOG_COMPILER_APPICON_NAME = AppIcon;
				DEVELOPMENT_TEAM = H58LYH4V4T;
				FRAMEWORK_SEARCH_PATHS = (
					"$(inherited)",
					"$(PROJECT_DIR)/AliPay",
					"$(PROJECT_DIR)/AliplayLib",
				);
				HEADER_SEARCH_PATHS = "\"$(SRCROOT)/AliPay\"";
				INFOPLIST_FILE = HPY9Pasture/Info.plist;
				IPHONEOS_DEPLOYMENT_TARGET = 8.0;
				LD_RUNPATH_SEARCH_PATHS = "$(inherited) @executable_path/Frameworks";
				LIBRARY_SEARCH_PATHS = (
					"$(inherited)",
					"$(PROJECT_DIR)/AliPay",
					"$(PROJECT_DIR)/SDKExport",
					"$(PROJECT_DIR)/JGLib",
				);
				PRODUCT_BUNDLE_IDENTIFIER = xiaocool.HPY9Pasture;
				PRODUCT_NAME = "$(TARGET_NAME)";
				SWIFT_VERSION = 2.3;
			};
			name = Release;
		};
/* End XCBuildConfiguration section */

/* Begin XCConfigurationList section */
		F65D23D41DAA2D220037026F /* Build configuration list for PBXProject "HPY9Pasture" */ = {
			isa = XCConfigurationList;
			buildConfigurations = (
				F65D23E91DAA2D230037026F /* Debug */,
				F65D23EA1DAA2D230037026F /* Release */,
			);
			defaultConfigurationIsVisible = 0;
			defaultConfigurationName = Release;
		};
		F65D23EB1DAA2D230037026F /* Build configuration list for PBXNativeTarget "HPY9Pasture" */ = {
			isa = XCConfigurationList;
			buildConfigurations = (
				F65D23EC1DAA2D230037026F /* Debug */,
				F65D23ED1DAA2D230037026F /* Release */,
			);
			defaultConfigurationIsVisible = 0;
			defaultConfigurationName = Release;
		};
/* End XCConfigurationList section */
	};
	rootObject = F65D23D11DAA2D220037026F /* Project object */;
}
